// !$*UTF8*$!
{
	archiveVersion = 1;
	classes = {
	};
	objectVersion = 55;
	objects = {

/* Begin PBXBuildFile section */
		2E29BA5927D908A100BCE32A /* EndingMenuView.swift in Sources */ = {isa = PBXBuildFile; fileRef = 2E29BA5827D908A100BCE32A /* EndingMenuView.swift */; };
		2E3A3BA327CD328F0018DA36 /* Theme.swift in Sources */ = {isa = PBXBuildFile; fileRef = 2E3A3BA227CD328F0018DA36 /* Theme.swift */; };
		2E3A3BA527CD404E0018DA36 /* HomeBackgroundView.swift in Sources */ = {isa = PBXBuildFile; fileRef = 2E3A3BA427CD404E0018DA36 /* HomeBackgroundView.swift */; };
		2E3A3BA727CD66A30018DA36 /* GameEndingView.swift in Sources */ = {isa = PBXBuildFile; fileRef = 2E3A3BA627CD66A30018DA36 /* GameEndingView.swift */; };
		2E42558127BFEC2B009B62EB /* CardGestureView.swift in Sources */ = {isa = PBXBuildFile; fileRef = 2E42558027BFEC2B009B62EB /* CardGestureView.swift */; };
		2E4A95EF27C7B77100BA498D /* NavigationTitleView.swift in Sources */ = {isa = PBXBuildFile; fileRef = 2E4A95EE27C7B77100BA498D /* NavigationTitleView.swift */; };
		2E4A95F227C7B8A600BA498D /* NavigationTitle.swift in Sources */ = {isa = PBXBuildFile; fileRef = 2E4A95F127C7B8A600BA498D /* NavigationTitle.swift */; };
		2E4A95F427C7B98C00BA498D /* BackButtonView.swift in Sources */ = {isa = PBXBuildFile; fileRef = 2E4A95F327C7B98C00BA498D /* BackButtonView.swift */; };
		2E4A95F627C7BFDF00BA498D /* JourneyView.swift in Sources */ = {isa = PBXBuildFile; fileRef = 2E4A95F527C7BFDF00BA498D /* JourneyView.swift */; };
		2E4E19FE27BEDCA4001C8B67 /* ImageExtension.swift in Sources */ = {isa = PBXBuildFile; fileRef = 2E4E19FD27BEDCA4001C8B67 /* ImageExtension.swift */; };
		2E4E1A0027BEDCDD001C8B67 /* ArrayExtension.swift in Sources */ = {isa = PBXBuildFile; fileRef = 2E4E19FF27BEDCDD001C8B67 /* ArrayExtension.swift */; };
		2E4E1A0227BEDD10001C8B67 /* CardType.swift in Sources */ = {isa = PBXBuildFile; fileRef = 2E4E1A0127BEDD10001C8B67 /* CardType.swift */; };
		2E4E1A0427BEDD2C001C8B67 /* CardCategory.swift in Sources */ = {isa = PBXBuildFile; fileRef = 2E4E1A0327BEDD2C001C8B67 /* CardCategory.swift */; };
		2E4E1A0827BEDD94001C8B67 /* WorldRegion.swift in Sources */ = {isa = PBXBuildFile; fileRef = 2E4E1A0727BEDD94001C8B67 /* WorldRegion.swift */; };
		2E4E1A0A27BEDDC8001C8B67 /* RegionRowView.swift in Sources */ = {isa = PBXBuildFile; fileRef = 2E4E1A0927BEDDC8001C8B67 /* RegionRowView.swift */; };
		2E4E1A0C27BEDE06001C8B67 /* CardBackgroundView.swift in Sources */ = {isa = PBXBuildFile; fileRef = 2E4E1A0B27BEDE06001C8B67 /* CardBackgroundView.swift */; };
		2E4E1A0E27BEDE35001C8B67 /* GameViewModel.swift in Sources */ = {isa = PBXBuildFile; fileRef = 2E4E1A0D27BEDE35001C8B67 /* GameViewModel.swift */; };
		2E4E1A1027BEDE4B001C8B67 /* Game.swift in Sources */ = {isa = PBXBuildFile; fileRef = 2E4E1A0F27BEDE4B001C8B67 /* Game.swift */; };
		2E4E1A1427BEDE9D001C8B67 /* CardView.swift in Sources */ = {isa = PBXBuildFile; fileRef = 2E4E1A1327BEDE9D001C8B67 /* CardView.swift */; };
		2E4E1A1627BEE3B2001C8B67 /* UserHandView.swift in Sources */ = {isa = PBXBuildFile; fileRef = 2E4E1A1527BEE3B2001C8B67 /* UserHandView.swift */; };
		2E4E1A1A27BEF797001C8B67 /* StatsView.swift in Sources */ = {isa = PBXBuildFile; fileRef = 2E4E1A1927BEF797001C8B67 /* StatsView.swift */; };
		2E5B46D627D52E6900A220C9 /* ProgressBarOverlayView.swift in Sources */ = {isa = PBXBuildFile; fileRef = 2E5B46D527D52E6900A220C9 /* ProgressBarOverlayView.swift */; };
		2E642B5627CE5460006A2083 /* ToggableClearView.swift in Sources */ = {isa = PBXBuildFile; fileRef = 2E642B5527CE5460006A2083 /* ToggableClearView.swift */; };
		2E642B5827CE5497006A2083 /* ImageAnimationView.swift in Sources */ = {isa = PBXBuildFile; fileRef = 2E642B5727CE5497006A2083 /* ImageAnimationView.swift */; };
		2E642B5A27CE569F006A2083 /* VersusAnimationView.swift in Sources */ = {isa = PBXBuildFile; fileRef = 2E642B5927CE569F006A2083 /* VersusAnimationView.swift */; };
		2E642B5E27CE7650006A2083 /* CommonBackgroundView.swift in Sources */ = {isa = PBXBuildFile; fileRef = 2E642B5D27CE7650006A2083 /* CommonBackgroundView.swift */; };
		2E642B6127CE835F006A2083 /* SurrenderModalView.swift in Sources */ = {isa = PBXBuildFile; fileRef = 2E642B6027CE835F006A2083 /* SurrenderModalView.swift */; };
		2E642B6827CE8623006A2083 /* LongButtonView.swift in Sources */ = {isa = PBXBuildFile; fileRef = 2E642B6727CE8623006A2083 /* LongButtonView.swift */; };
		2E642B6A27CE8885006A2083 /* EndingAnimationView.swift in Sources */ = {isa = PBXBuildFile; fileRef = 2E642B6927CE8885006A2083 /* EndingAnimationView.swift */; };
		2E7BF0E727DCE7E0007D7717 /* MissionsView.swift in Sources */ = {isa = PBXBuildFile; fileRef = 2E7BF0E627DCE7E0007D7717 /* MissionsView.swift */; };
		2E7BF0E927DCEA42007D7717 /* MissionListView.swift in Sources */ = {isa = PBXBuildFile; fileRef = 2E7BF0E827DCEA42007D7717 /* MissionListView.swift */; };
		2E7BF0EB27DCEA94007D7717 /* MissionRowView.swift in Sources */ = {isa = PBXBuildFile; fileRef = 2E7BF0EA27DCEA94007D7717 /* MissionRowView.swift */; };
		2E7BF0ED27DCEBB0007D7717 /* Missions.swift in Sources */ = {isa = PBXBuildFile; fileRef = 2E7BF0EC27DCEBB0007D7717 /* Missions.swift */; };
		2E7BF0F027DD0AF8007D7717 /* MissionViewModel.swift in Sources */ = {isa = PBXBuildFile; fileRef = 2E7BF0EF27DD0AF8007D7717 /* MissionViewModel.swift */; };
		2E7BF0F227DD0D76007D7717 /* missions.json in Resources */ = {isa = PBXBuildFile; fileRef = 2E7BF0F127DD0D76007D7717 /* missions.json */; };
		2E7BF0F427DD2B29007D7717 /* MissionRewardAnimationView.swift in Sources */ = {isa = PBXBuildFile; fileRef = 2E7BF0F327DD2B29007D7717 /* MissionRewardAnimationView.swift */; };
		2E7BF0F627DD2CBE007D7717 /* MissionRowOverlayView.swift in Sources */ = {isa = PBXBuildFile; fileRef = 2E7BF0F527DD2CBE007D7717 /* MissionRowOverlayView.swift */; };
		2E849BC527D653BB001CE665 /* UserViewModel.swift in Sources */ = {isa = PBXBuildFile; fileRef = 2E849BC427D653BB001CE665 /* UserViewModel.swift */; };
		2E849BC827D654C6001CE665 /* AdventureViewModel.swift in Sources */ = {isa = PBXBuildFile; fileRef = 2E849BC727D654C6001CE665 /* AdventureViewModel.swift */; };
		2E8E794227D288DD00A185C9 /* UserDeckFilterView.swift in Sources */ = {isa = PBXBuildFile; fileRef = 2E8E794127D288DD00A185C9 /* UserDeckFilterView.swift */; };
		2E8E794427D2BBB800A185C9 /* UserDeckDetailView.swift in Sources */ = {isa = PBXBuildFile; fileRef = 2E8E794327D2BBB800A185C9 /* UserDeckDetailView.swift */; };
		2E9676ED27CF4CA200DC50C6 /* ModalButtonView.swift in Sources */ = {isa = PBXBuildFile; fileRef = 2E9676EC27CF4CA200DC50C6 /* ModalButtonView.swift */; };
		2E9676EF27CFC40100DC50C6 /* decks.json in Resources */ = {isa = PBXBuildFile; fileRef = 2E9676EE27CFC40100DC50C6 /* decks.json */; };
		2E9676F127CFFE0100DC50C6 /* UserDeckCreationView.swift in Sources */ = {isa = PBXBuildFile; fileRef = 2E9676F027CFFE0100DC50C6 /* UserDeckCreationView.swift */; };
		2E98C09627D0F5F000286879 /* UserDeckBackgroundView.swift in Sources */ = {isa = PBXBuildFile; fileRef = 2E98C09527D0F5F000286879 /* UserDeckBackgroundView.swift */; };
		2E98C09827D0F64C00286879 /* UserDeckRowView.swift in Sources */ = {isa = PBXBuildFile; fileRef = 2E98C09727D0F64C00286879 /* UserDeckRowView.swift */; };
		2E98C09B27D110E900286879 /* StarterDecksModalView.swift in Sources */ = {isa = PBXBuildFile; fileRef = 2E98C09A27D110E900286879 /* StarterDecksModalView.swift */; };
		2E98C0A427D11E2D00286879 /* PointingArrowView.swift in Sources */ = {isa = PBXBuildFile; fileRef = 2E98C0A327D11E2D00286879 /* PointingArrowView.swift */; };
		2E98C0AA27D12E0F00286879 /* StarterBoosterListView.swift in Sources */ = {isa = PBXBuildFile; fileRef = 2E98C0A927D12E0F00286879 /* StarterBoosterListView.swift */; };
		2E99A7B127C7D1060073DE8A /* TrainerView.swift in Sources */ = {isa = PBXBuildFile; fileRef = 2E99A7B027C7D1060073DE8A /* TrainerView.swift */; };
		2EA07DAE27C0D8C300AB974B /* HomeView.swift in Sources */ = {isa = PBXBuildFile; fileRef = 2EA07DAD27C0D8C300AB974B /* HomeView.swift */; };
		2EA07DB427C0ED2E00AB974B /* OpponentHandView.swift in Sources */ = {isa = PBXBuildFile; fileRef = 2EA07DB327C0ED2E00AB974B /* OpponentHandView.swift */; };
		2EA07DB627C0F18B00AB974B /* CGSizeExtension.swift in Sources */ = {isa = PBXBuildFile; fileRef = 2EA07DB527C0F18B00AB974B /* CGSizeExtension.swift */; };
		2EA07DBF27C23AE000AB974B /* Stats.swift in Sources */ = {isa = PBXBuildFile; fileRef = 2EA07DBE27C23AE000AB974B /* Stats.swift */; };
		2EA07DC127C23AF500AB974B /* CardSide.swift in Sources */ = {isa = PBXBuildFile; fileRef = 2EA07DC027C23AF500AB974B /* CardSide.swift */; };
		2EA07DC327C23B2500AB974B /* StatSquareView.swift in Sources */ = {isa = PBXBuildFile; fileRef = 2EA07DC227C23B2500AB974B /* StatSquareView.swift */; };
		2EA07DC627C23B7400AB974B /* pokemons.json in Resources */ = {isa = PBXBuildFile; fileRef = 2EA07DC527C23B7400AB974B /* pokemons.json */; };
		2EA07DCA27C23ECC00AB974B /* BundleExtension.swift in Sources */ = {isa = PBXBuildFile; fileRef = 2EA07DC927C23ECC00AB974B /* BundleExtension.swift */; };
		2EA07DCC27C2404C00AB974B /* ContentView.swift in Sources */ = {isa = PBXBuildFile; fileRef = 2EA07DCB27C2404C00AB974B /* ContentView.swift */; };
		2EA6827127DE2C5100F76306 /* TutorialView.swift in Sources */ = {isa = PBXBuildFile; fileRef = 2EA6827027DE2C5100F76306 /* TutorialView.swift */; };
		2EB1662427C65E3000BCF2D5 /* UserCardListView.swift in Sources */ = {isa = PBXBuildFile; fileRef = 2EB1662327C65E3000BCF2D5 /* UserCardListView.swift */; };
		2EB1662827C6633700BCF2D5 /* UserCardsView.swift in Sources */ = {isa = PBXBuildFile; fileRef = 2EB1662727C6633700BCF2D5 /* UserCardsView.swift */; };
		2EB39B5427D14F7E00C02AB0 /* CardSummonAnimationView.swift in Sources */ = {isa = PBXBuildFile; fileRef = 2EB39B5327D14F7E00C02AB0 /* CardSummonAnimationView.swift */; };
		2ED34E0727CB654A00F24251 /* User.swift in Sources */ = {isa = PBXBuildFile; fileRef = 2ED34E0627CB654A00F24251 /* User.swift */; };
		2ED34E0927CB689500F24251 /* Profile.swift in Sources */ = {isa = PBXBuildFile; fileRef = 2ED34E0827CB689500F24251 /* Profile.swift */; };
		2ED34E0D27CB6C4E00F24251 /* UserDeckListView.swift in Sources */ = {isa = PBXBuildFile; fileRef = 2ED34E0C27CB6C4E00F24251 /* UserDeckListView.swift */; };
		2ED34E0F27CB71CC00F24251 /* Deck.swift in Sources */ = {isa = PBXBuildFile; fileRef = 2ED34E0E27CB71CC00F24251 /* Deck.swift */; };
		2ED34E1127CB747C00F24251 /* UserDeckView.swift in Sources */ = {isa = PBXBuildFile; fileRef = 2ED34E1027CB747C00F24251 /* UserDeckView.swift */; };
		2ED34E1327CB81DA00F24251 /* UserSetCardListView.swift in Sources */ = {isa = PBXBuildFile; fileRef = 2ED34E1227CB81DA00F24251 /* UserSetCardListView.swift */; };
		2ED34E1727CB94AD00F24251 /* UserSetCardView.swift in Sources */ = {isa = PBXBuildFile; fileRef = 2ED34E1627CB94AD00F24251 /* UserSetCardView.swift */; };
		2ED34E1927CBA3DE00F24251 /* UserDeckSlotView.swift in Sources */ = {isa = PBXBuildFile; fileRef = 2ED34E1827CBA3DE00F24251 /* UserDeckSlotView.swift */; };
		2ED34E1B27CBA41A00F24251 /* ChangeDeckNameButtonView.swift in Sources */ = {isa = PBXBuildFile; fileRef = 2ED34E1A27CBA41A00F24251 /* ChangeDeckNameButtonView.swift */; };
		2ED34E1D27CBC27200F24251 /* ViewExtension.swift in Sources */ = {isa = PBXBuildFile; fileRef = 2ED34E1C27CBC27200F24251 /* ViewExtension.swift */; };
		2ED34E2027CBD73D00F24251 /* ChangeNameOverlayView.swift in Sources */ = {isa = PBXBuildFile; fileRef = 2ED34E1F27CBD73D00F24251 /* ChangeNameOverlayView.swift */; };
		2ED34E2227CBD78400F24251 /* ChangeNameAlertModalView.swift in Sources */ = {isa = PBXBuildFile; fileRef = 2ED34E2127CBD78400F24251 /* ChangeNameAlertModalView.swift */; };
		2ED34E2627CBF00100F24251 /* PreBattleView.swift in Sources */ = {isa = PBXBuildFile; fileRef = 2ED34E2527CBF00100F24251 /* PreBattleView.swift */; };
		2ED7AA1727D38877008FA2C5 /* CardSummonAnimation.swift in Sources */ = {isa = PBXBuildFile; fileRef = 2ED7AA1627D38877008FA2C5 /* CardSummonAnimation.swift */; };
		2ED7AA1B27D3895D008FA2C5 /* UserCardInformationView.swift in Sources */ = {isa = PBXBuildFile; fileRef = 2ED7AA1A27D3895D008FA2C5 /* UserCardInformationView.swift */; };
		2ED7AA1F27D389F3008FA2C5 /* UserPreBattleDeckListView.swift in Sources */ = {isa = PBXBuildFile; fileRef = 2ED7AA1E27D389F3008FA2C5 /* UserPreBattleDeckListView.swift */; };
		2ED7AA2327D38A58008FA2C5 /* ActionButtonView.swift in Sources */ = {isa = PBXBuildFile; fileRef = 2ED7AA2227D38A58008FA2C5 /* ActionButtonView.swift */; };
		2ED7AA2627D39322008FA2C5 /* UserDeckFilterButtonView.swift in Sources */ = {isa = PBXBuildFile; fileRef = 2ED7AA2527D39322008FA2C5 /* UserDeckFilterButtonView.swift */; };
		2EDA084D27E0A828007D2D09 /* AdventureCategory.swift in Sources */ = {isa = PBXBuildFile; fileRef = 2EDA084C27E0A828007D2D09 /* AdventureCategory.swift */; };
		2EDA085127E0AAF9007D2D09 /* worldTrainers.json in Resources */ = {isa = PBXBuildFile; fileRef = 2EDA085027E0AAF9007D2D09 /* worldTrainers.json */; };
		2EDA085627E0AB6C007D2D09 /* tutorialTrainers.json in Resources */ = {isa = PBXBuildFile; fileRef = 2EDA085527E0AB6C007D2D09 /* tutorialTrainers.json */; };
		2EDA085C27E0B745007D2D09 /* TrainingTrainersListView.swift in Sources */ = {isa = PBXBuildFile; fileRef = 2EDA085B27E0B745007D2D09 /* TrainingTrainersListView.swift */; };
		2EDA086727E0CB98007D2D09 /* AdventureModel.swift in Sources */ = {isa = PBXBuildFile; fileRef = 2EDA086627E0CB98007D2D09 /* AdventureModel.swift */; };
		2EDA086927E0E487007D2D09 /* ImagesGenreChoiceView.swift in Sources */ = {isa = PBXBuildFile; fileRef = 2EDA086827E0E487007D2D09 /* ImagesGenreChoiceView.swift */; };
		2EDA086B27E0E4B1007D2D09 /* GenreChoiceView.swift in Sources */ = {isa = PBXBuildFile; fileRef = 2EDA086A27E0E4B1007D2D09 /* GenreChoiceView.swift */; };
		2EDA086D27E0E4F3007D2D09 /* NameChoiceView.swift in Sources */ = {isa = PBXBuildFile; fileRef = 2EDA086C27E0E4F3007D2D09 /* NameChoiceView.swift */; };
		2EDA086F27E0E537007D2D09 /* QuitTutorialView.swift in Sources */ = {isa = PBXBuildFile; fileRef = 2EDA086E27E0E537007D2D09 /* QuitTutorialView.swift */; };
		2EDA087127E0E5EF007D2D09 /* beginning.json in Resources */ = {isa = PBXBuildFile; fileRef = 2EDA087027E0E5EF007D2D09 /* beginning.json */; };
		2EDA087327E0F059007D2D09 /* profOak.json in Resources */ = {isa = PBXBuildFile; fileRef = 2EDA087227E0F059007D2D09 /* profOak.json */; };
		2EDA087527E0F066007D2D09 /* profElm.json in Resources */ = {isa = PBXBuildFile; fileRef = 2EDA087427E0F066007D2D09 /* profElm.json */; };
		2EDA087727E0F075007D2D09 /* profBirch.json in Resources */ = {isa = PBXBuildFile; fileRef = 2EDA087627E0F075007D2D09 /* profBirch.json */; };
		2EDA087927E0F291007D2D09 /* PreBattleTutorialView.swift in Sources */ = {isa = PBXBuildFile; fileRef = 2EDA087827E0F291007D2D09 /* PreBattleTutorialView.swift */; };
		2EDA087B27E14D05007D2D09 /* LabModel.swift in Sources */ = {isa = PBXBuildFile; fileRef = 2EDA087A27E14D05007D2D09 /* LabModel.swift */; };
		2EDA087D27E1DD1F007D2D09 /* MainMenuButtonView.swift in Sources */ = {isa = PBXBuildFile; fileRef = 2EDA087C27E1DD1F007D2D09 /* MainMenuButtonView.swift */; };
		2EDA087F27E1DD69007D2D09 /* BottomScreenButtonsView.swift in Sources */ = {isa = PBXBuildFile; fileRef = 2EDA087E27E1DD69007D2D09 /* BottomScreenButtonsView.swift */; };
		2EDA088127E245A2007D2D09 /* ending.json in Resources */ = {isa = PBXBuildFile; fileRef = 2EDA088027E245A2007D2D09 /* ending.json */; };
		2EEEA20227BD8124009A1D49 /* NineBoxApp.swift in Sources */ = {isa = PBXBuildFile; fileRef = 2EEEA20127BD8124009A1D49 /* NineBoxApp.swift */; };
		2EEEA20427BD8124009A1D49 /* GameView.swift in Sources */ = {isa = PBXBuildFile; fileRef = 2EEEA20327BD8124009A1D49 /* GameView.swift */; };
		2EEEA20627BD8126009A1D49 /* Assets.xcassets in Resources */ = {isa = PBXBuildFile; fileRef = 2EEEA20527BD8126009A1D49 /* Assets.xcassets */; };
		2EEEA20927BD8126009A1D49 /* Preview Assets.xcassets in Resources */ = {isa = PBXBuildFile; fileRef = 2EEEA20827BD8126009A1D49 /* Preview Assets.xcassets */; };
		2EEEA21027BD8202009A1D49 /* GameGridView.swift in Sources */ = {isa = PBXBuildFile; fileRef = 2EEEA20F27BD8202009A1D49 /* GameGridView.swift */; };
		2EEEA21427BD8605009A1D49 /* Card.swift in Sources */ = {isa = PBXBuildFile; fileRef = 2EEEA21327BD8605009A1D49 /* Card.swift */; };
		2EEEA21627BD88A5009A1D49 /* ColorExtension.swift in Sources */ = {isa = PBXBuildFile; fileRef = 2EEEA21527BD88A5009A1D49 /* ColorExtension.swift */; };
		2EF5B05727C3CF6500A8930C /* TrainerImageView.swift in Sources */ = {isa = PBXBuildFile; fileRef = 2EF5B05627C3CF6500A8930C /* TrainerImageView.swift */; };
		2EF5B05D27C3DA5D00A8930C /* GameDifficulty.swift in Sources */ = {isa = PBXBuildFile; fileRef = 2EF5B05C27C3DA5D00A8930C /* GameDifficulty.swift */; };
		2EF5B05F27C3DADB00A8930C /* Trainer.swift in Sources */ = {isa = PBXBuildFile; fileRef = 2EF5B05E27C3DADB00A8930C /* Trainer.swift */; };
		2EF9E67427DFB747001CEDDC /* LabView.swift in Sources */ = {isa = PBXBuildFile; fileRef = 2EF9E67327DFB747001CEDDC /* LabView.swift */; };
		2EF9E67627DFBB75001CEDDC /* AdventureView.swift in Sources */ = {isa = PBXBuildFile; fileRef = 2EF9E67527DFBB75001CEDDC /* AdventureView.swift */; };
		2EF9E67827DFBC8B001CEDDC /* AdventureRowView.swift in Sources */ = {isa = PBXBuildFile; fileRef = 2EF9E67727DFBC8B001CEDDC /* AdventureRowView.swift */; };
		2EF9E67B27DFC851001CEDDC /* AdventureNavigationLink.swift in Sources */ = {isa = PBXBuildFile; fileRef = 2EF9E67A27DFC851001CEDDC /* AdventureNavigationLink.swift */; };
		2EF9E67D27DFC8E2001CEDDC /* PuzzleView.swift in Sources */ = {isa = PBXBuildFile; fileRef = 2EF9E67C27DFC8E2001CEDDC /* PuzzleView.swift */; };
		2EF9E67F27DFC8FA001CEDDC /* LabNavigationLink.swift in Sources */ = {isa = PBXBuildFile; fileRef = 2EF9E67E27DFC8FA001CEDDC /* LabNavigationLink.swift */; };
		2EF9E68127DFC916001CEDDC /* LabRowView.swift in Sources */ = {isa = PBXBuildFile; fileRef = 2EF9E68027DFC916001CEDDC /* LabRowView.swift */; };
		2EF9E68327DFC940001CEDDC /* TrainingView.swift in Sources */ = {isa = PBXBuildFile; fileRef = 2EF9E68227DFC940001CEDDC /* TrainingView.swift */; };
		2EF9E68527DFCE1C001CEDDC /* LabListView.swift in Sources */ = {isa = PBXBuildFile; fileRef = 2EF9E68427DFCE1C001CEDDC /* LabListView.swift */; };
		2EFCB94727C24E5C0044B2E9 /* debuffs.json in Resources */ = {isa = PBXBuildFile; fileRef = 2EFCB94627C24E5C0044B2E9 /* debuffs.json */; };
		2EFCB94927C250A60044B2E9 /* worldRegions.json in Resources */ = {isa = PBXBuildFile; fileRef = 2EFCB94827C250A60044B2E9 /* worldRegions.json */; };
		2EFCB94B27C27D180044B2E9 /* RegionsListView.swift in Sources */ = {isa = PBXBuildFile; fileRef = 2EFCB94A27C27D180044B2E9 /* RegionsListView.swift */; };
		2EFCB94D27C282110044B2E9 /* Turn.swift in Sources */ = {isa = PBXBuildFile; fileRef = 2EFCB94C27C282110044B2E9 /* Turn.swift */; };
		2EFCB94F27C2836E0044B2E9 /* TurnAnimationView.swift in Sources */ = {isa = PBXBuildFile; fileRef = 2EFCB94E27C2836E0044B2E9 /* TurnAnimationView.swift */; };
		2EFCB95327C29B840044B2E9 /* OpponentCardListView.swift in Sources */ = {isa = PBXBuildFile; fileRef = 2EFCB95227C29B840044B2E9 /* OpponentCardListView.swift */; };
		2EFCB95B27C29E0E0044B2E9 /* GameScoreView.swift in Sources */ = {isa = PBXBuildFile; fileRef = 2EFCB95A27C29E0E0044B2E9 /* GameScoreView.swift */; };
		2EFCB96027C2A7C70044B2E9 /* HomeNavigationLink.swift in Sources */ = {isa = PBXBuildFile; fileRef = 2EFCB95F27C2A7C70044B2E9 /* HomeNavigationLink.swift */; };
		2EFCB96227C2A7F80044B2E9 /* HomeItemView.swift in Sources */ = {isa = PBXBuildFile; fileRef = 2EFCB96127C2A7F80044B2E9 /* HomeItemView.swift */; };
		2EFCB96527C2AAEB0044B2E9 /* HomeItem.swift in Sources */ = {isa = PBXBuildFile; fileRef = 2EFCB96427C2AAEB0044B2E9 /* HomeItem.swift */; };
		2EFCB96D27C2C4CD0044B2E9 /* RegionBackgroundView.swift in Sources */ = {isa = PBXBuildFile; fileRef = 2EFCB96C27C2C4CD0044B2E9 /* RegionBackgroundView.swift */; };
		2EFCB96F27C2C5D10044B2E9 /* TrainerRowView.swift in Sources */ = {isa = PBXBuildFile; fileRef = 2EFCB96E27C2C5D10044B2E9 /* TrainerRowView.swift */; };
		2EFCB97327C2D5BB0044B2E9 /* TrainerListView.swift in Sources */ = {isa = PBXBuildFile; fileRef = 2EFCB97227C2D5BB0044B2E9 /* TrainerListView.swift */; };
		960E0AAE27DF48EE00C8D491 /* Tutorial.swift in Sources */ = {isa = PBXBuildFile; fileRef = 960E0AAD27DF48EE00C8D491 /* Tutorial.swift */; };
		960E0AB027DF4AFE00C8D491 /* TutorialPageView.swift in Sources */ = {isa = PBXBuildFile; fileRef = 960E0AAF27DF4AFE00C8D491 /* TutorialPageView.swift */; };
		960E0AB227DF526B00C8D491 /* HomeViewModel.swift in Sources */ = {isa = PBXBuildFile; fileRef = 960E0AB127DF526B00C8D491 /* HomeViewModel.swift */; };
		9637BF5F27CE1F8A00A3FC87 /* GameStartAnimationView.swift in Sources */ = {isa = PBXBuildFile; fileRef = 9637BF5E27CE1F8A00A3FC87 /* GameStartAnimationView.swift */; };
		9637BF6127CE22FE00A3FC87 /* AnimatedTurnView.swift in Sources */ = {isa = PBXBuildFile; fileRef = 9637BF6027CE22FE00A3FC87 /* AnimatedTurnView.swift */; };
		96493DD927D0D4510032FDE8 /* UserDeckPlaceholderView.swift in Sources */ = {isa = PBXBuildFile; fileRef = 96493DD827D0D4510032FDE8 /* UserDeckPlaceholderView.swift */; };
		96C8F15627DA0CC300FA1FF0 /* Powers.swift in Sources */ = {isa = PBXBuildFile; fileRef = 96C8F15527DA0CC300FA1FF0 /* Powers.swift */; };
/* End PBXBuildFile section */

/* Begin PBXFileReference section */
		2E29BA5827D908A100BCE32A /* EndingMenuView.swift */ = {isa = PBXFileReference; lastKnownFileType = sourcecode.swift; path = EndingMenuView.swift; sourceTree = "<group>"; };
		2E3A3BA227CD328F0018DA36 /* Theme.swift */ = {isa = PBXFileReference; lastKnownFileType = sourcecode.swift; path = Theme.swift; sourceTree = "<group>"; };
		2E3A3BA427CD404E0018DA36 /* HomeBackgroundView.swift */ = {isa = PBXFileReference; lastKnownFileType = sourcecode.swift; path = HomeBackgroundView.swift; sourceTree = "<group>"; };
		2E3A3BA627CD66A30018DA36 /* GameEndingView.swift */ = {isa = PBXFileReference; lastKnownFileType = sourcecode.swift; path = GameEndingView.swift; sourceTree = "<group>"; };
		2E42558027BFEC2B009B62EB /* CardGestureView.swift */ = {isa = PBXFileReference; lastKnownFileType = sourcecode.swift; path = CardGestureView.swift; sourceTree = "<group>"; };
		2E4A95EE27C7B77100BA498D /* NavigationTitleView.swift */ = {isa = PBXFileReference; lastKnownFileType = sourcecode.swift; path = NavigationTitleView.swift; sourceTree = "<group>"; };
		2E4A95F127C7B8A600BA498D /* NavigationTitle.swift */ = {isa = PBXFileReference; lastKnownFileType = sourcecode.swift; path = NavigationTitle.swift; sourceTree = "<group>"; };
		2E4A95F327C7B98C00BA498D /* BackButtonView.swift */ = {isa = PBXFileReference; lastKnownFileType = sourcecode.swift; path = BackButtonView.swift; sourceTree = "<group>"; };
		2E4A95F527C7BFDF00BA498D /* JourneyView.swift */ = {isa = PBXFileReference; lastKnownFileType = sourcecode.swift; path = JourneyView.swift; sourceTree = "<group>"; };
		2E4E19FD27BEDCA4001C8B67 /* ImageExtension.swift */ = {isa = PBXFileReference; lastKnownFileType = sourcecode.swift; path = ImageExtension.swift; sourceTree = "<group>"; };
		2E4E19FF27BEDCDD001C8B67 /* ArrayExtension.swift */ = {isa = PBXFileReference; lastKnownFileType = sourcecode.swift; path = ArrayExtension.swift; sourceTree = "<group>"; };
		2E4E1A0127BEDD10001C8B67 /* CardType.swift */ = {isa = PBXFileReference; lastKnownFileType = sourcecode.swift; path = CardType.swift; sourceTree = "<group>"; };
		2E4E1A0327BEDD2C001C8B67 /* CardCategory.swift */ = {isa = PBXFileReference; lastKnownFileType = sourcecode.swift; path = CardCategory.swift; sourceTree = "<group>"; };
		2E4E1A0727BEDD94001C8B67 /* WorldRegion.swift */ = {isa = PBXFileReference; lastKnownFileType = sourcecode.swift; path = WorldRegion.swift; sourceTree = "<group>"; };
		2E4E1A0927BEDDC8001C8B67 /* RegionRowView.swift */ = {isa = PBXFileReference; lastKnownFileType = sourcecode.swift; path = RegionRowView.swift; sourceTree = "<group>"; };
		2E4E1A0B27BEDE06001C8B67 /* CardBackgroundView.swift */ = {isa = PBXFileReference; lastKnownFileType = sourcecode.swift; path = CardBackgroundView.swift; sourceTree = "<group>"; };
		2E4E1A0D27BEDE35001C8B67 /* GameViewModel.swift */ = {isa = PBXFileReference; lastKnownFileType = sourcecode.swift; path = GameViewModel.swift; sourceTree = "<group>"; };
		2E4E1A0F27BEDE4B001C8B67 /* Game.swift */ = {isa = PBXFileReference; lastKnownFileType = sourcecode.swift; path = Game.swift; sourceTree = "<group>"; };
		2E4E1A1327BEDE9D001C8B67 /* CardView.swift */ = {isa = PBXFileReference; lastKnownFileType = sourcecode.swift; path = CardView.swift; sourceTree = "<group>"; };
		2E4E1A1527BEE3B2001C8B67 /* UserHandView.swift */ = {isa = PBXFileReference; lastKnownFileType = sourcecode.swift; path = UserHandView.swift; sourceTree = "<group>"; };
		2E4E1A1927BEF797001C8B67 /* StatsView.swift */ = {isa = PBXFileReference; lastKnownFileType = sourcecode.swift; path = StatsView.swift; sourceTree = "<group>"; };
		2E5B46D527D52E6900A220C9 /* ProgressBarOverlayView.swift */ = {isa = PBXFileReference; lastKnownFileType = sourcecode.swift; path = ProgressBarOverlayView.swift; sourceTree = "<group>"; };
		2E642B5527CE5460006A2083 /* ToggableClearView.swift */ = {isa = PBXFileReference; lastKnownFileType = sourcecode.swift; path = ToggableClearView.swift; sourceTree = "<group>"; };
		2E642B5727CE5497006A2083 /* ImageAnimationView.swift */ = {isa = PBXFileReference; lastKnownFileType = sourcecode.swift; path = ImageAnimationView.swift; sourceTree = "<group>"; };
		2E642B5927CE569F006A2083 /* VersusAnimationView.swift */ = {isa = PBXFileReference; lastKnownFileType = sourcecode.swift; path = VersusAnimationView.swift; sourceTree = "<group>"; };
		2E642B5D27CE7650006A2083 /* CommonBackgroundView.swift */ = {isa = PBXFileReference; lastKnownFileType = sourcecode.swift; path = CommonBackgroundView.swift; sourceTree = "<group>"; };
		2E642B6027CE835F006A2083 /* SurrenderModalView.swift */ = {isa = PBXFileReference; lastKnownFileType = sourcecode.swift; path = SurrenderModalView.swift; sourceTree = "<group>"; };
		2E642B6727CE8623006A2083 /* LongButtonView.swift */ = {isa = PBXFileReference; lastKnownFileType = sourcecode.swift; path = LongButtonView.swift; sourceTree = "<group>"; };
		2E642B6927CE8885006A2083 /* EndingAnimationView.swift */ = {isa = PBXFileReference; lastKnownFileType = sourcecode.swift; path = EndingAnimationView.swift; sourceTree = "<group>"; };
		2E7BF0E627DCE7E0007D7717 /* MissionsView.swift */ = {isa = PBXFileReference; lastKnownFileType = sourcecode.swift; path = MissionsView.swift; sourceTree = "<group>"; };
		2E7BF0E827DCEA42007D7717 /* MissionListView.swift */ = {isa = PBXFileReference; lastKnownFileType = sourcecode.swift; path = MissionListView.swift; sourceTree = "<group>"; };
		2E7BF0EA27DCEA94007D7717 /* MissionRowView.swift */ = {isa = PBXFileReference; lastKnownFileType = sourcecode.swift; path = MissionRowView.swift; sourceTree = "<group>"; };
		2E7BF0EC27DCEBB0007D7717 /* Missions.swift */ = {isa = PBXFileReference; lastKnownFileType = sourcecode.swift; path = Missions.swift; sourceTree = "<group>"; };
		2E7BF0EF27DD0AF8007D7717 /* MissionViewModel.swift */ = {isa = PBXFileReference; lastKnownFileType = sourcecode.swift; path = MissionViewModel.swift; sourceTree = "<group>"; };
		2E7BF0F127DD0D76007D7717 /* missions.json */ = {isa = PBXFileReference; lastKnownFileType = text.json; path = missions.json; sourceTree = "<group>"; };
		2E7BF0F327DD2B29007D7717 /* MissionRewardAnimationView.swift */ = {isa = PBXFileReference; lastKnownFileType = sourcecode.swift; path = MissionRewardAnimationView.swift; sourceTree = "<group>"; };
		2E7BF0F527DD2CBE007D7717 /* MissionRowOverlayView.swift */ = {isa = PBXFileReference; lastKnownFileType = sourcecode.swift; path = MissionRowOverlayView.swift; sourceTree = "<group>"; };
		2E849BC427D653BB001CE665 /* UserViewModel.swift */ = {isa = PBXFileReference; lastKnownFileType = sourcecode.swift; path = UserViewModel.swift; sourceTree = "<group>"; };
		2E849BC727D654C6001CE665 /* AdventureViewModel.swift */ = {isa = PBXFileReference; lastKnownFileType = sourcecode.swift; path = AdventureViewModel.swift; sourceTree = "<group>"; };
		2E8E794127D288DD00A185C9 /* UserDeckFilterView.swift */ = {isa = PBXFileReference; lastKnownFileType = sourcecode.swift; path = UserDeckFilterView.swift; sourceTree = "<group>"; };
		2E8E794327D2BBB800A185C9 /* UserDeckDetailView.swift */ = {isa = PBXFileReference; lastKnownFileType = sourcecode.swift; path = UserDeckDetailView.swift; sourceTree = "<group>"; };
		2E9676EC27CF4CA200DC50C6 /* ModalButtonView.swift */ = {isa = PBXFileReference; lastKnownFileType = sourcecode.swift; path = ModalButtonView.swift; sourceTree = "<group>"; };
		2E9676EE27CFC40100DC50C6 /* decks.json */ = {isa = PBXFileReference; lastKnownFileType = text.json; path = decks.json; sourceTree = "<group>"; };
		2E9676F027CFFE0100DC50C6 /* UserDeckCreationView.swift */ = {isa = PBXFileReference; lastKnownFileType = sourcecode.swift; path = UserDeckCreationView.swift; sourceTree = "<group>"; };
		2E98C09527D0F5F000286879 /* UserDeckBackgroundView.swift */ = {isa = PBXFileReference; lastKnownFileType = sourcecode.swift; path = UserDeckBackgroundView.swift; sourceTree = "<group>"; };
		2E98C09727D0F64C00286879 /* UserDeckRowView.swift */ = {isa = PBXFileReference; lastKnownFileType = sourcecode.swift; path = UserDeckRowView.swift; sourceTree = "<group>"; };
		2E98C09A27D110E900286879 /* StarterDecksModalView.swift */ = {isa = PBXFileReference; lastKnownFileType = sourcecode.swift; path = StarterDecksModalView.swift; sourceTree = "<group>"; };
		2E98C0A327D11E2D00286879 /* PointingArrowView.swift */ = {isa = PBXFileReference; lastKnownFileType = sourcecode.swift; path = PointingArrowView.swift; sourceTree = "<group>"; };
		2E98C0A927D12E0F00286879 /* StarterBoosterListView.swift */ = {isa = PBXFileReference; lastKnownFileType = sourcecode.swift; path = StarterBoosterListView.swift; sourceTree = "<group>"; };
		2E99A7B027C7D1060073DE8A /* TrainerView.swift */ = {isa = PBXFileReference; lastKnownFileType = sourcecode.swift; path = TrainerView.swift; sourceTree = "<group>"; };
		2EA07DAD27C0D8C300AB974B /* HomeView.swift */ = {isa = PBXFileReference; lastKnownFileType = sourcecode.swift; path = HomeView.swift; sourceTree = "<group>"; };
		2EA07DB327C0ED2E00AB974B /* OpponentHandView.swift */ = {isa = PBXFileReference; lastKnownFileType = sourcecode.swift; path = OpponentHandView.swift; sourceTree = "<group>"; };
		2EA07DB527C0F18B00AB974B /* CGSizeExtension.swift */ = {isa = PBXFileReference; lastKnownFileType = sourcecode.swift; path = CGSizeExtension.swift; sourceTree = "<group>"; };
		2EA07DBE27C23AE000AB974B /* Stats.swift */ = {isa = PBXFileReference; lastKnownFileType = sourcecode.swift; path = Stats.swift; sourceTree = "<group>"; };
		2EA07DC027C23AF500AB974B /* CardSide.swift */ = {isa = PBXFileReference; lastKnownFileType = sourcecode.swift; path = CardSide.swift; sourceTree = "<group>"; };
		2EA07DC227C23B2500AB974B /* StatSquareView.swift */ = {isa = PBXFileReference; lastKnownFileType = sourcecode.swift; path = StatSquareView.swift; sourceTree = "<group>"; };
		2EA07DC527C23B7400AB974B /* pokemons.json */ = {isa = PBXFileReference; lastKnownFileType = text.json; path = pokemons.json; sourceTree = "<group>"; };
		2EA07DC927C23ECC00AB974B /* BundleExtension.swift */ = {isa = PBXFileReference; lastKnownFileType = sourcecode.swift; path = BundleExtension.swift; sourceTree = "<group>"; };
		2EA07DCB27C2404C00AB974B /* ContentView.swift */ = {isa = PBXFileReference; lastKnownFileType = sourcecode.swift; path = ContentView.swift; sourceTree = "<group>"; };
		2EA6827027DE2C5100F76306 /* TutorialView.swift */ = {isa = PBXFileReference; lastKnownFileType = sourcecode.swift; path = TutorialView.swift; sourceTree = "<group>"; };
		2EB1662327C65E3000BCF2D5 /* UserCardListView.swift */ = {isa = PBXFileReference; lastKnownFileType = sourcecode.swift; path = UserCardListView.swift; sourceTree = "<group>"; };
		2EB1662727C6633700BCF2D5 /* UserCardsView.swift */ = {isa = PBXFileReference; lastKnownFileType = sourcecode.swift; path = UserCardsView.swift; sourceTree = "<group>"; };
		2EB39B5327D14F7E00C02AB0 /* CardSummonAnimationView.swift */ = {isa = PBXFileReference; lastKnownFileType = sourcecode.swift; path = CardSummonAnimationView.swift; sourceTree = "<group>"; };
		2ED34E0627CB654A00F24251 /* User.swift */ = {isa = PBXFileReference; lastKnownFileType = sourcecode.swift; path = User.swift; sourceTree = "<group>"; };
		2ED34E0827CB689500F24251 /* Profile.swift */ = {isa = PBXFileReference; lastKnownFileType = sourcecode.swift; path = Profile.swift; sourceTree = "<group>"; };
		2ED34E0C27CB6C4E00F24251 /* UserDeckListView.swift */ = {isa = PBXFileReference; lastKnownFileType = sourcecode.swift; path = UserDeckListView.swift; sourceTree = "<group>"; };
		2ED34E0E27CB71CC00F24251 /* Deck.swift */ = {isa = PBXFileReference; lastKnownFileType = sourcecode.swift; path = Deck.swift; sourceTree = "<group>"; };
		2ED34E1027CB747C00F24251 /* UserDeckView.swift */ = {isa = PBXFileReference; lastKnownFileType = sourcecode.swift; path = UserDeckView.swift; sourceTree = "<group>"; };
		2ED34E1227CB81DA00F24251 /* UserSetCardListView.swift */ = {isa = PBXFileReference; lastKnownFileType = sourcecode.swift; path = UserSetCardListView.swift; sourceTree = "<group>"; };
		2ED34E1627CB94AD00F24251 /* UserSetCardView.swift */ = {isa = PBXFileReference; lastKnownFileType = sourcecode.swift; path = UserSetCardView.swift; sourceTree = "<group>"; };
		2ED34E1827CBA3DE00F24251 /* UserDeckSlotView.swift */ = {isa = PBXFileReference; lastKnownFileType = sourcecode.swift; path = UserDeckSlotView.swift; sourceTree = "<group>"; };
		2ED34E1A27CBA41A00F24251 /* ChangeDeckNameButtonView.swift */ = {isa = PBXFileReference; lastKnownFileType = sourcecode.swift; path = ChangeDeckNameButtonView.swift; sourceTree = "<group>"; };
		2ED34E1C27CBC27200F24251 /* ViewExtension.swift */ = {isa = PBXFileReference; lastKnownFileType = sourcecode.swift; path = ViewExtension.swift; sourceTree = "<group>"; };
		2ED34E1F27CBD73D00F24251 /* ChangeNameOverlayView.swift */ = {isa = PBXFileReference; lastKnownFileType = sourcecode.swift; path = ChangeNameOverlayView.swift; sourceTree = "<group>"; };
		2ED34E2127CBD78400F24251 /* ChangeNameAlertModalView.swift */ = {isa = PBXFileReference; lastKnownFileType = sourcecode.swift; path = ChangeNameAlertModalView.swift; sourceTree = "<group>"; };
		2ED34E2527CBF00100F24251 /* PreBattleView.swift */ = {isa = PBXFileReference; lastKnownFileType = sourcecode.swift; path = PreBattleView.swift; sourceTree = "<group>"; };
		2ED7AA1627D38877008FA2C5 /* CardSummonAnimation.swift */ = {isa = PBXFileReference; lastKnownFileType = sourcecode.swift; path = CardSummonAnimation.swift; sourceTree = "<group>"; };
		2ED7AA1A27D3895D008FA2C5 /* UserCardInformationView.swift */ = {isa = PBXFileReference; lastKnownFileType = sourcecode.swift; path = UserCardInformationView.swift; sourceTree = "<group>"; };
		2ED7AA1E27D389F3008FA2C5 /* UserPreBattleDeckListView.swift */ = {isa = PBXFileReference; lastKnownFileType = sourcecode.swift; path = UserPreBattleDeckListView.swift; sourceTree = "<group>"; };
		2ED7AA2227D38A58008FA2C5 /* ActionButtonView.swift */ = {isa = PBXFileReference; lastKnownFileType = sourcecode.swift; path = ActionButtonView.swift; sourceTree = "<group>"; };
		2ED7AA2527D39322008FA2C5 /* UserDeckFilterButtonView.swift */ = {isa = PBXFileReference; lastKnownFileType = sourcecode.swift; path = UserDeckFilterButtonView.swift; sourceTree = "<group>"; };
		2EDA084C27E0A828007D2D09 /* AdventureCategory.swift */ = {isa = PBXFileReference; lastKnownFileType = sourcecode.swift; path = AdventureCategory.swift; sourceTree = "<group>"; };
		2EDA085027E0AAF9007D2D09 /* worldTrainers.json */ = {isa = PBXFileReference; lastKnownFileType = text.json; path = worldTrainers.json; sourceTree = "<group>"; };
		2EDA085527E0AB6C007D2D09 /* tutorialTrainers.json */ = {isa = PBXFileReference; lastKnownFileType = text.json; path = tutorialTrainers.json; sourceTree = "<group>"; };
		2EDA085B27E0B745007D2D09 /* TrainingTrainersListView.swift */ = {isa = PBXFileReference; lastKnownFileType = sourcecode.swift; path = TrainingTrainersListView.swift; sourceTree = "<group>"; };
		2EDA086627E0CB98007D2D09 /* AdventureModel.swift */ = {isa = PBXFileReference; lastKnownFileType = sourcecode.swift; path = AdventureModel.swift; sourceTree = "<group>"; };
		2EDA086827E0E487007D2D09 /* ImagesGenreChoiceView.swift */ = {isa = PBXFileReference; lastKnownFileType = sourcecode.swift; path = ImagesGenreChoiceView.swift; sourceTree = "<group>"; };
		2EDA086A27E0E4B1007D2D09 /* GenreChoiceView.swift */ = {isa = PBXFileReference; lastKnownFileType = sourcecode.swift; path = GenreChoiceView.swift; sourceTree = "<group>"; };
		2EDA086C27E0E4F3007D2D09 /* NameChoiceView.swift */ = {isa = PBXFileReference; lastKnownFileType = sourcecode.swift; path = NameChoiceView.swift; sourceTree = "<group>"; };
		2EDA086E27E0E537007D2D09 /* QuitTutorialView.swift */ = {isa = PBXFileReference; lastKnownFileType = sourcecode.swift; path = QuitTutorialView.swift; sourceTree = "<group>"; };
		2EDA087027E0E5EF007D2D09 /* beginning.json */ = {isa = PBXFileReference; lastKnownFileType = text.json; path = beginning.json; sourceTree = "<group>"; };
		2EDA087227E0F059007D2D09 /* profOak.json */ = {isa = PBXFileReference; lastKnownFileType = text.json; path = profOak.json; sourceTree = "<group>"; };
		2EDA087427E0F066007D2D09 /* profElm.json */ = {isa = PBXFileReference; lastKnownFileType = text.json; path = profElm.json; sourceTree = "<group>"; };
		2EDA087627E0F075007D2D09 /* profBirch.json */ = {isa = PBXFileReference; lastKnownFileType = text.json; path = profBirch.json; sourceTree = "<group>"; };
		2EDA087827E0F291007D2D09 /* PreBattleTutorialView.swift */ = {isa = PBXFileReference; lastKnownFileType = sourcecode.swift; path = PreBattleTutorialView.swift; sourceTree = "<group>"; };
		2EDA087A27E14D05007D2D09 /* LabModel.swift */ = {isa = PBXFileReference; lastKnownFileType = sourcecode.swift; path = LabModel.swift; sourceTree = "<group>"; };
		2EDA087C27E1DD1F007D2D09 /* MainMenuButtonView.swift */ = {isa = PBXFileReference; lastKnownFileType = sourcecode.swift; path = MainMenuButtonView.swift; sourceTree = "<group>"; };
		2EDA087E27E1DD69007D2D09 /* BottomScreenButtonsView.swift */ = {isa = PBXFileReference; lastKnownFileType = sourcecode.swift; path = BottomScreenButtonsView.swift; sourceTree = "<group>"; };
		2EDA088027E245A2007D2D09 /* ending.json */ = {isa = PBXFileReference; lastKnownFileType = text.json; path = ending.json; sourceTree = "<group>"; };
		2EEEA1FE27BD8124009A1D49 /* PokemonTiles.app */ = {isa = PBXFileReference; explicitFileType = wrapper.application; includeInIndex = 0; path = PokemonTiles.app; sourceTree = BUILT_PRODUCTS_DIR; };
		2EEEA20127BD8124009A1D49 /* NineBoxApp.swift */ = {isa = PBXFileReference; lastKnownFileType = sourcecode.swift; path = NineBoxApp.swift; sourceTree = "<group>"; };
		2EEEA20327BD8124009A1D49 /* GameView.swift */ = {isa = PBXFileReference; lastKnownFileType = sourcecode.swift; path = GameView.swift; sourceTree = "<group>"; };
		2EEEA20527BD8126009A1D49 /* Assets.xcassets */ = {isa = PBXFileReference; lastKnownFileType = folder.assetcatalog; path = Assets.xcassets; sourceTree = "<group>"; };
		2EEEA20827BD8126009A1D49 /* Preview Assets.xcassets */ = {isa = PBXFileReference; lastKnownFileType = folder.assetcatalog; path = "Preview Assets.xcassets"; sourceTree = "<group>"; };
		2EEEA20F27BD8202009A1D49 /* GameGridView.swift */ = {isa = PBXFileReference; lastKnownFileType = sourcecode.swift; path = GameGridView.swift; sourceTree = "<group>"; };
		2EEEA21327BD8605009A1D49 /* Card.swift */ = {isa = PBXFileReference; lastKnownFileType = sourcecode.swift; path = Card.swift; sourceTree = "<group>"; };
		2EEEA21527BD88A5009A1D49 /* ColorExtension.swift */ = {isa = PBXFileReference; lastKnownFileType = sourcecode.swift; path = ColorExtension.swift; sourceTree = "<group>"; };
		2EF5B05627C3CF6500A8930C /* TrainerImageView.swift */ = {isa = PBXFileReference; lastKnownFileType = sourcecode.swift; path = TrainerImageView.swift; sourceTree = "<group>"; };
		2EF5B05C27C3DA5D00A8930C /* GameDifficulty.swift */ = {isa = PBXFileReference; lastKnownFileType = sourcecode.swift; path = GameDifficulty.swift; sourceTree = "<group>"; };
		2EF5B05E27C3DADB00A8930C /* Trainer.swift */ = {isa = PBXFileReference; lastKnownFileType = sourcecode.swift; path = Trainer.swift; sourceTree = "<group>"; };
		2EF9E67327DFB747001CEDDC /* LabView.swift */ = {isa = PBXFileReference; lastKnownFileType = sourcecode.swift; path = LabView.swift; sourceTree = "<group>"; };
		2EF9E67527DFBB75001CEDDC /* AdventureView.swift */ = {isa = PBXFileReference; lastKnownFileType = sourcecode.swift; path = AdventureView.swift; sourceTree = "<group>"; };
		2EF9E67727DFBC8B001CEDDC /* AdventureRowView.swift */ = {isa = PBXFileReference; lastKnownFileType = sourcecode.swift; path = AdventureRowView.swift; sourceTree = "<group>"; };
		2EF9E67A27DFC851001CEDDC /* AdventureNavigationLink.swift */ = {isa = PBXFileReference; lastKnownFileType = sourcecode.swift; path = AdventureNavigationLink.swift; sourceTree = "<group>"; };
		2EF9E67C27DFC8E2001CEDDC /* PuzzleView.swift */ = {isa = PBXFileReference; lastKnownFileType = sourcecode.swift; path = PuzzleView.swift; sourceTree = "<group>"; };
		2EF9E67E27DFC8FA001CEDDC /* LabNavigationLink.swift */ = {isa = PBXFileReference; lastKnownFileType = sourcecode.swift; path = LabNavigationLink.swift; sourceTree = "<group>"; };
		2EF9E68027DFC916001CEDDC /* LabRowView.swift */ = {isa = PBXFileReference; lastKnownFileType = sourcecode.swift; path = LabRowView.swift; sourceTree = "<group>"; };
		2EF9E68227DFC940001CEDDC /* TrainingView.swift */ = {isa = PBXFileReference; lastKnownFileType = sourcecode.swift; path = TrainingView.swift; sourceTree = "<group>"; };
		2EF9E68427DFCE1C001CEDDC /* LabListView.swift */ = {isa = PBXFileReference; lastKnownFileType = sourcecode.swift; path = LabListView.swift; sourceTree = "<group>"; };
		2EFCB94627C24E5C0044B2E9 /* debuffs.json */ = {isa = PBXFileReference; lastKnownFileType = text.json; path = debuffs.json; sourceTree = "<group>"; };
		2EFCB94827C250A60044B2E9 /* worldRegions.json */ = {isa = PBXFileReference; lastKnownFileType = text.json; path = worldRegions.json; sourceTree = "<group>"; };
		2EFCB94A27C27D180044B2E9 /* RegionsListView.swift */ = {isa = PBXFileReference; lastKnownFileType = sourcecode.swift; path = RegionsListView.swift; sourceTree = "<group>"; };
		2EFCB94C27C282110044B2E9 /* Turn.swift */ = {isa = PBXFileReference; lastKnownFileType = sourcecode.swift; path = Turn.swift; sourceTree = "<group>"; };
		2EFCB94E27C2836E0044B2E9 /* TurnAnimationView.swift */ = {isa = PBXFileReference; lastKnownFileType = sourcecode.swift; path = TurnAnimationView.swift; sourceTree = "<group>"; };
		2EFCB95227C29B840044B2E9 /* OpponentCardListView.swift */ = {isa = PBXFileReference; lastKnownFileType = sourcecode.swift; path = OpponentCardListView.swift; sourceTree = "<group>"; };
		2EFCB95A27C29E0E0044B2E9 /* GameScoreView.swift */ = {isa = PBXFileReference; lastKnownFileType = sourcecode.swift; path = GameScoreView.swift; sourceTree = "<group>"; };
		2EFCB95F27C2A7C70044B2E9 /* HomeNavigationLink.swift */ = {isa = PBXFileReference; lastKnownFileType = sourcecode.swift; path = HomeNavigationLink.swift; sourceTree = "<group>"; };
		2EFCB96127C2A7F80044B2E9 /* HomeItemView.swift */ = {isa = PBXFileReference; lastKnownFileType = sourcecode.swift; path = HomeItemView.swift; sourceTree = "<group>"; };
		2EFCB96427C2AAEB0044B2E9 /* HomeItem.swift */ = {isa = PBXFileReference; lastKnownFileType = sourcecode.swift; path = HomeItem.swift; sourceTree = "<group>"; };
		2EFCB96C27C2C4CD0044B2E9 /* RegionBackgroundView.swift */ = {isa = PBXFileReference; lastKnownFileType = sourcecode.swift; path = RegionBackgroundView.swift; sourceTree = "<group>"; };
		2EFCB96E27C2C5D10044B2E9 /* TrainerRowView.swift */ = {isa = PBXFileReference; lastKnownFileType = sourcecode.swift; path = TrainerRowView.swift; sourceTree = "<group>"; };
		2EFCB97227C2D5BB0044B2E9 /* TrainerListView.swift */ = {isa = PBXFileReference; lastKnownFileType = sourcecode.swift; path = TrainerListView.swift; sourceTree = "<group>"; };
		960E0AAD27DF48EE00C8D491 /* Tutorial.swift */ = {isa = PBXFileReference; lastKnownFileType = sourcecode.swift; path = Tutorial.swift; sourceTree = "<group>"; };
		960E0AAF27DF4AFE00C8D491 /* TutorialPageView.swift */ = {isa = PBXFileReference; lastKnownFileType = sourcecode.swift; path = TutorialPageView.swift; sourceTree = "<group>"; };
		960E0AB127DF526B00C8D491 /* HomeViewModel.swift */ = {isa = PBXFileReference; lastKnownFileType = sourcecode.swift; path = HomeViewModel.swift; sourceTree = "<group>"; };
		9637BF5E27CE1F8A00A3FC87 /* GameStartAnimationView.swift */ = {isa = PBXFileReference; lastKnownFileType = sourcecode.swift; path = GameStartAnimationView.swift; sourceTree = "<group>"; };
		9637BF6027CE22FE00A3FC87 /* AnimatedTurnView.swift */ = {isa = PBXFileReference; lastKnownFileType = sourcecode.swift; path = AnimatedTurnView.swift; sourceTree = "<group>"; };
		96493DD827D0D4510032FDE8 /* UserDeckPlaceholderView.swift */ = {isa = PBXFileReference; lastKnownFileType = sourcecode.swift; path = UserDeckPlaceholderView.swift; sourceTree = "<group>"; };
		96C8F15527DA0CC300FA1FF0 /* Powers.swift */ = {isa = PBXFileReference; lastKnownFileType = sourcecode.swift; path = Powers.swift; sourceTree = "<group>"; };
/* End PBXFileReference section */

/* Begin PBXFrameworksBuildPhase section */
		2EEEA1FB27BD8124009A1D49 /* Frameworks */ = {
			isa = PBXFrameworksBuildPhase;
			buildActionMask = 2147483647;
			files = (
			);
			runOnlyForDeploymentPostprocessing = 0;
		};
/* End PBXFrameworksBuildPhase section */

/* Begin PBXGroup section */
		2E42558227BFEF4D009B62EB /* Card */ = {
			isa = PBXGroup;
			children = (
				2E42558027BFEC2B009B62EB /* CardGestureView.swift */,
				2E4E1A0B27BEDE06001C8B67 /* CardBackgroundView.swift */,
				2E4E1A1927BEF797001C8B67 /* StatsView.swift */,
				2EA07DC227C23B2500AB974B /* StatSquareView.swift */,
				2E4E1A1327BEDE9D001C8B67 /* CardView.swift */,
				2E5B46D527D52E6900A220C9 /* ProgressBarOverlayView.swift */,
			);
			path = Card;
			sourceTree = "<group>";
		};
		2E42558427BFEF77009B62EB /* Card */ = {
			isa = PBXGroup;
			children = (
				2E4E1A0127BEDD10001C8B67 /* CardType.swift */,
				2E4E1A0327BEDD2C001C8B67 /* CardCategory.swift */,
				2EEEA21327BD8605009A1D49 /* Card.swift */,
				2EA07DC027C23AF500AB974B /* CardSide.swift */,
			);
			path = Card;
			sourceTree = "<group>";
		};
		2E42558527BFEF84009B62EB /* Other */ = {
			isa = PBXGroup;
			children = (
				2ED34E0E27CB71CC00F24251 /* Deck.swift */,
				2E3A3BA227CD328F0018DA36 /* Theme.swift */,
				96C8F15527DA0CC300FA1FF0 /* Powers.swift */,
				2E7BF0EC27DCEBB0007D7717 /* Missions.swift */,
				960E0AAD27DF48EE00C8D491 /* Tutorial.swift */,
			);
			path = Other;
			sourceTree = "<group>";
		};
		2E42558627BFEF93009B62EB /* Game */ = {
			isa = PBXGroup;
			children = (
				2EFCB96A27C2B3AA0044B2E9 /* General */,
				2EFCB95027C289F00044B2E9 /* Animations */,
				2EFCB96927C2B3970044B2E9 /* Trainer */,
				2EFCB96827C2B38E0044B2E9 /* User */,
			);
			path = Game;
			sourceTree = "<group>";
		};
		2E4A95ED27C7B76100BA498D /* Commons */ = {
			isa = PBXGroup;
			children = (
				2ED7AA1527D3880E008FA2C5 /* Animations */,
				2ED7AA2227D38A58008FA2C5 /* ActionButtonView.swift */,
				2E4A95EE27C7B77100BA498D /* NavigationTitleView.swift */,
				2E4A95F327C7B98C00BA498D /* BackButtonView.swift */,
				2E642B5527CE5460006A2083 /* ToggableClearView.swift */,
				2E9676EC27CF4CA200DC50C6 /* ModalButtonView.swift */,
				2E642B5D27CE7650006A2083 /* CommonBackgroundView.swift */,
				2E642B6727CE8623006A2083 /* LongButtonView.swift */,
				2EDA087C27E1DD1F007D2D09 /* MainMenuButtonView.swift */,
				2EDA087E27E1DD69007D2D09 /* BottomScreenButtonsView.swift */,
			);
			path = Commons;
			sourceTree = "<group>";
		};
		2E4A95F027C7B89A00BA498D /* Commons */ = {
			isa = PBXGroup;
			children = (
				2E4A95F127C7B8A600BA498D /* NavigationTitle.swift */,
			);
			path = Commons;
			sourceTree = "<group>";
		};
		2E4E19FB27BEDC78001C8B67 /* Models */ = {
			isa = PBXGroup;
			children = (
				2EDA084E27E0A85D007D2D09 /* Adventure */,
				2ED34E0A27CB68A200F24251 /* Players */,
				2ED34E0B27CB68B400F24251 /* Game */,
				2E4A95F027C7B89A00BA498D /* Commons */,
				2EFCB96327C2AADC0044B2E9 /* Home */,
				2E42558427BFEF77009B62EB /* Card */,
				2E4E19FC27BEDC85001C8B67 /* Extensions */,
				2E42558527BFEF84009B62EB /* Other */,
			);
			path = Models;
			sourceTree = "<group>";
		};
		2E4E19FC27BEDC85001C8B67 /* Extensions */ = {
			isa = PBXGroup;
			children = (
				2EEEA21527BD88A5009A1D49 /* ColorExtension.swift */,
				2E4E19FF27BEDCDD001C8B67 /* ArrayExtension.swift */,
				2E4E19FD27BEDCA4001C8B67 /* ImageExtension.swift */,
				2EA07DB527C0F18B00AB974B /* CGSizeExtension.swift */,
				2EA07DC927C23ECC00AB974B /* BundleExtension.swift */,
				2ED34E1C27CBC27200F24251 /* ViewExtension.swift */,
			);
			path = Extensions;
			sourceTree = "<group>";
		};
		2E4E1A1127BEDE62001C8B67 /* View Models */ = {
			isa = PBXGroup;
			children = (
				2E4E1A0D27BEDE35001C8B67 /* GameViewModel.swift */,
				2ED7AA1627D38877008FA2C5 /* CardSummonAnimation.swift */,
				2E849BC427D653BB001CE665 /* UserViewModel.swift */,
				2E849BC727D654C6001CE665 /* AdventureViewModel.swift */,
				2E7BF0EF27DD0AF8007D7717 /* MissionViewModel.swift */,
				960E0AB127DF526B00C8D491 /* HomeViewModel.swift */,
			);
			path = "View Models";
			sourceTree = "<group>";
		};
		2E4E1A1227BEDE6D001C8B67 /* Views */ = {
			isa = PBXGroup;
			children = (
				2E7BF0E427DCE7A8007D7717 /* Missions */,
				2E98C09C27D1111900286879 /* Summons */,
				2E98C09927D110CE00286879 /* Tutorial */,
				2E4A95ED27C7B76100BA498D /* Commons */,
				2EB1662227C65E2200BCF2D5 /* Collection */,
				2EFCB95127C28A070044B2E9 /* Adventure */,
				2EA07DBD27C2349C00AB974B /* Home */,
				2E42558627BFEF93009B62EB /* Game */,
				2E42558227BFEF4D009B62EB /* Card */,
			);
			path = Views;
			sourceTree = "<group>";
		};
		2E642B5F27CE8355006A2083 /* Surrender */ = {
			isa = PBXGroup;
			children = (
				2E642B6027CE835F006A2083 /* SurrenderModalView.swift */,
			);
			path = Surrender;
			sourceTree = "<group>";
		};
		2E642B6627CE8585006A2083 /* Main */ = {
			isa = PBXGroup;
			children = (
				2EEEA20327BD8124009A1D49 /* GameView.swift */,
				2EEEA20F27BD8202009A1D49 /* GameGridView.swift */,
				2EFCB95A27C29E0E0044B2E9 /* GameScoreView.swift */,
				2E3A3BA627CD66A30018DA36 /* GameEndingView.swift */,
			);
			path = Main;
			sourceTree = "<group>";
		};
		2E7BF0E427DCE7A8007D7717 /* Missions */ = {
			isa = PBXGroup;
			children = (
				2E7BF0E627DCE7E0007D7717 /* MissionsView.swift */,
				2E7BF0E827DCEA42007D7717 /* MissionListView.swift */,
				2E7BF0EA27DCEA94007D7717 /* MissionRowView.swift */,
				2E7BF0F327DD2B29007D7717 /* MissionRewardAnimationView.swift */,
				2E7BF0F527DD2CBE007D7717 /* MissionRowOverlayView.swift */,
			);
			path = Missions;
			sourceTree = "<group>";
		};
		2E98C09427D0F53600286879 /* Junk */ = {
			isa = PBXGroup;
			children = (
				2ED34E1827CBA3DE00F24251 /* UserDeckSlotView.swift */,
				2ED34E1E27CBD72200F24251 /* Name */,
				96493DD727D0D1A90032FDE8 /* Creation */,
			);
			path = Junk;
			sourceTree = "<group>";
		};
		2E98C09927D110CE00286879 /* Tutorial */ = {
			isa = PBXGroup;
			children = (
				2ED7AA1927D388D9008FA2C5 /* Starters */,
				2EA6827027DE2C5100F76306 /* TutorialView.swift */,
				960E0AAF27DF4AFE00C8D491 /* TutorialPageView.swift */,
				2EDA086E27E0E537007D2D09 /* QuitTutorialView.swift */,
				2EDA086C27E0E4F3007D2D09 /* NameChoiceView.swift */,
				2EDA086A27E0E4B1007D2D09 /* GenreChoiceView.swift */,
				2EDA086827E0E487007D2D09 /* ImagesGenreChoiceView.swift */,
			);
			path = Tutorial;
			sourceTree = "<group>";
		};
		2E98C09C27D1111900286879 /* Summons */ = {
			isa = PBXGroup;
			children = (
				2ED7AA1427D387F8008FA2C5 /* Animations */,
			);
			path = Summons;
			sourceTree = "<group>";
		};
		2EA07DBD27C2349C00AB974B /* Home */ = {
			isa = PBXGroup;
			children = (
				2EFCB96B27C2B3E10044B2E9 /* General */,
			);
			path = Home;
			sourceTree = "<group>";
		};
		2EA07DC427C23B6700AB974B /* Data */ = {
			isa = PBXGroup;
			children = (
				2EDA086027E0B7E0007D2D09 /* Game */,
				2EDA085227E0AB21007D2D09 /* Tutorial */,
				2EDA084F27E0AADF007D2D09 /* World */,
				2EDA085827E0ACCA007D2D09 /* Collection */,
				2EDA085727E0ACB2007D2D09 /* Battle */,
			);
			path = Data;
			sourceTree = "<group>";
		};
		2EB1662227C65E2200BCF2D5 /* Collection */ = {
			isa = PBXGroup;
			children = (
				2ED7AA2427D38CF8008FA2C5 /* Mains */,
				2ED34E1527CB8D1300F24251 /* Cards */,
				2ED34E1427CB8D0400F24251 /* Deck */,
			);
			path = Collection;
			sourceTree = "<group>";
		};
		2ED34E0A27CB68A200F24251 /* Players */ = {
			isa = PBXGroup;
			children = (
				2EF5B05E27C3DADB00A8930C /* Trainer.swift */,
				2ED34E0627CB654A00F24251 /* User.swift */,
				2ED34E0827CB689500F24251 /* Profile.swift */,
			);
			path = Players;
			sourceTree = "<group>";
		};
		2ED34E0B27CB68B400F24251 /* Game */ = {
			isa = PBXGroup;
			children = (
				2EA07DBE27C23AE000AB974B /* Stats.swift */,
				2EFCB94C27C282110044B2E9 /* Turn.swift */,
				2EF5B05C27C3DA5D00A8930C /* GameDifficulty.swift */,
				2E4E1A0F27BEDE4B001C8B67 /* Game.swift */,
			);
			path = Game;
			sourceTree = "<group>";
		};
		2ED34E1427CB8D0400F24251 /* Deck */ = {
			isa = PBXGroup;
			children = (
				2ED34E0C27CB6C4E00F24251 /* UserDeckListView.swift */,
				2E8E794327D2BBB800A185C9 /* UserDeckDetailView.swift */,
				2E98C09727D0F64C00286879 /* UserDeckRowView.swift */,
				2E98C09527D0F5F000286879 /* UserDeckBackgroundView.swift */,
				2E8E794127D288DD00A185C9 /* UserDeckFilterView.swift */,
				2ED7AA2527D39322008FA2C5 /* UserDeckFilterButtonView.swift */,
				2ED7AA1A27D3895D008FA2C5 /* UserCardInformationView.swift */,
			);
			path = Deck;
			sourceTree = "<group>";
		};
		2ED34E1527CB8D1300F24251 /* Cards */ = {
			isa = PBXGroup;
			children = (
				2EB1662727C6633700BCF2D5 /* UserCardsView.swift */,
				2EB1662327C65E3000BCF2D5 /* UserCardListView.swift */,
			);
			path = Cards;
			sourceTree = "<group>";
		};
		2ED34E1E27CBD72200F24251 /* Name */ = {
			isa = PBXGroup;
			children = (
				2ED34E1A27CBA41A00F24251 /* ChangeDeckNameButtonView.swift */,
				2ED34E1F27CBD73D00F24251 /* ChangeNameOverlayView.swift */,
				2ED34E2127CBD78400F24251 /* ChangeNameAlertModalView.swift */,
			);
			path = Name;
			sourceTree = "<group>";
		};
		2ED7AA1427D387F8008FA2C5 /* Animations */ = {
			isa = PBXGroup;
			children = (
				2EB39B5327D14F7E00C02AB0 /* CardSummonAnimationView.swift */,
			);
			path = Animations;
			sourceTree = "<group>";
		};
		2ED7AA1527D3880E008FA2C5 /* Animations */ = {
			isa = PBXGroup;
			children = (
				2E98C0A327D11E2D00286879 /* PointingArrowView.swift */,
			);
			path = Animations;
			sourceTree = "<group>";
		};
		2ED7AA1927D388D9008FA2C5 /* Starters */ = {
			isa = PBXGroup;
			children = (
				2E98C09A27D110E900286879 /* StarterDecksModalView.swift */,
				2E98C0A927D12E0F00286879 /* StarterBoosterListView.swift */,
			);
			path = Starters;
			sourceTree = "<group>";
		};
		2ED7AA1C27D389BE008FA2C5 /* Mains */ = {
			isa = PBXGroup;
			children = (
				2EF9E67327DFB747001CEDDC /* LabView.swift */,
				2EF9E67527DFBB75001CEDDC /* AdventureView.swift */,
				2E4A95F527C7BFDF00BA498D /* JourneyView.swift */,
				2E99A7B027C7D1060073DE8A /* TrainerView.swift */,
				2ED34E2527CBF00100F24251 /* PreBattleView.swift */,
			);
			path = Mains;
			sourceTree = "<group>";
		};
		2ED7AA1D27D389DC008FA2C5 /* PreBattle */ = {
			isa = PBXGroup;
			children = (
				2ED7AA1E27D389F3008FA2C5 /* UserPreBattleDeckListView.swift */,
				2EDA087827E0F291007D2D09 /* PreBattleTutorialView.swift */,
			);
			path = PreBattle;
			sourceTree = "<group>";
		};
		2ED7AA2427D38CF8008FA2C5 /* Mains */ = {
			isa = PBXGroup;
			children = (
				2ED34E1027CB747C00F24251 /* UserDeckView.swift */,
			);
			path = Mains;
			sourceTree = "<group>";
		};
		2EDA084E27E0A85D007D2D09 /* Adventure */ = {
			isa = PBXGroup;
			children = (
				2E4E1A0727BEDD94001C8B67 /* WorldRegion.swift */,
				2EDA084C27E0A828007D2D09 /* AdventureCategory.swift */,
				2EDA086627E0CB98007D2D09 /* AdventureModel.swift */,
				2EDA087A27E14D05007D2D09 /* LabModel.swift */,
			);
			path = Adventure;
			sourceTree = "<group>";
		};
		2EDA084F27E0AADF007D2D09 /* World */ = {
			isa = PBXGroup;
			children = (
				2EFCB94827C250A60044B2E9 /* worldRegions.json */,
				2EDA085027E0AAF9007D2D09 /* worldTrainers.json */,
			);
			path = World;
			sourceTree = "<group>";
		};
		2EDA085227E0AB21007D2D09 /* Tutorial */ = {
			isa = PBXGroup;
			children = (
				2EDA087027E0E5EF007D2D09 /* beginning.json */,
				2EDA085527E0AB6C007D2D09 /* tutorialTrainers.json */,
				2EDA087227E0F059007D2D09 /* profOak.json */,
				2EDA087427E0F066007D2D09 /* profElm.json */,
				2EDA087627E0F075007D2D09 /* profBirch.json */,
				2EDA088027E245A2007D2D09 /* ending.json */,
			);
			path = Tutorial;
			sourceTree = "<group>";
		};
		2EDA085727E0ACB2007D2D09 /* Battle */ = {
			isa = PBXGroup;
			children = (
				2EFCB94627C24E5C0044B2E9 /* debuffs.json */,
			);
			path = Battle;
			sourceTree = "<group>";
		};
		2EDA085827E0ACCA007D2D09 /* Collection */ = {
			isa = PBXGroup;
			children = (
				2EA07DC527C23B7400AB974B /* pokemons.json */,
				2E9676EE27CFC40100DC50C6 /* decks.json */,
			);
			path = Collection;
			sourceTree = "<group>";
		};
		2EDA085927E0B2EA007D2D09 /* Puzzles */ = {
			isa = PBXGroup;
			children = (
			);
			path = Puzzles;
			sourceTree = "<group>";
		};
		2EDA085A27E0B2F0007D2D09 /* Trainings */ = {
			isa = PBXGroup;
			children = (
				2EDA085B27E0B745007D2D09 /* TrainingTrainersListView.swift */,
			);
			path = Trainings;
			sourceTree = "<group>";
		};
		2EDA085D27E0B761007D2D09 /* Mains */ = {
			isa = PBXGroup;
			children = (
				2EF9E67C27DFC8E2001CEDDC /* PuzzleView.swift */,
				2EF9E68227DFC940001CEDDC /* TrainingView.swift */,
			);
			path = Mains;
			sourceTree = "<group>";
		};
		2EDA085E27E0B780007D2D09 /* Lab */ = {
			isa = PBXGroup;
			children = (
				2EF9E67E27DFC8FA001CEDDC /* LabNavigationLink.swift */,
				2EF9E68427DFCE1C001CEDDC /* LabListView.swift */,
				2EF9E68027DFC916001CEDDC /* LabRowView.swift */,
			);
			path = Lab;
			sourceTree = "<group>";
		};
		2EDA086027E0B7E0007D2D09 /* Game */ = {
			isa = PBXGroup;
			children = (
				2E7BF0F127DD0D76007D7717 /* missions.json */,
			);
			path = Game;
			sourceTree = "<group>";
		};
		2EEEA1F527BD8124009A1D49 = {
			isa = PBXGroup;
			children = (
				2EEEA20027BD8124009A1D49 /* NineBox */,
				2EEEA1FF27BD8124009A1D49 /* Products */,
			);
			sourceTree = "<group>";
		};
		2EEEA1FF27BD8124009A1D49 /* Products */ = {
			isa = PBXGroup;
			children = (
				2EEEA1FE27BD8124009A1D49 /* PokemonTiles.app */,
			);
			name = Products;
			sourceTree = "<group>";
		};
		2EEEA20027BD8124009A1D49 /* NineBox */ = {
			isa = PBXGroup;
			children = (
				2EEEA20127BD8124009A1D49 /* NineBoxApp.swift */,
				2EA07DCB27C2404C00AB974B /* ContentView.swift */,
				2E98C09427D0F53600286879 /* Junk */,
				2EA07DC427C23B6700AB974B /* Data */,
				2E4E1A1227BEDE6D001C8B67 /* Views */,
				2E4E1A1127BEDE62001C8B67 /* View Models */,
				2E4E19FB27BEDC78001C8B67 /* Models */,
				2EEEA20527BD8126009A1D49 /* Assets.xcassets */,
				2EEEA20727BD8126009A1D49 /* Preview Content */,
			);
			path = NineBox;
			sourceTree = "<group>";
		};
		2EEEA20727BD8126009A1D49 /* Preview Content */ = {
			isa = PBXGroup;
			children = (
				2EEEA20827BD8126009A1D49 /* Preview Assets.xcassets */,
			);
			path = "Preview Content";
			sourceTree = "<group>";
		};
		2EF5B06227C402BD00A8930C /* Regions */ = {
			isa = PBXGroup;
			children = (
				2E4E1A0927BEDDC8001C8B67 /* RegionRowView.swift */,
				2EFCB96C27C2C4CD0044B2E9 /* RegionBackgroundView.swift */,
				2EFCB94A27C27D180044B2E9 /* RegionsListView.swift */,
			);
			path = Regions;
			sourceTree = "<group>";
		};
		2EF5B06327C402C200A8930C /* Trainer */ = {
			isa = PBXGroup;
			children = (
				2EFCB96E27C2C5D10044B2E9 /* TrainerRowView.swift */,
				2EF5B05627C3CF6500A8930C /* TrainerImageView.swift */,
				2EFCB97227C2D5BB0044B2E9 /* TrainerListView.swift */,
			);
			path = Trainer;
			sourceTree = "<group>";
		};
		2EF9E67227DFB633001CEDDC /* Laboratory */ = {
			isa = PBXGroup;
			children = (
				2EDA085D27E0B761007D2D09 /* Mains */,
				2EDA085E27E0B780007D2D09 /* Lab */,
				2EDA085A27E0B2F0007D2D09 /* Trainings */,
				2EDA085927E0B2EA007D2D09 /* Puzzles */,
			);
			path = Laboratory;
			sourceTree = "<group>";
		};
		2EF9E67927DFC81F001CEDDC /* World */ = {
			isa = PBXGroup;
			children = (
				2EF9E67727DFBC8B001CEDDC /* AdventureRowView.swift */,
				2EF9E67A27DFC851001CEDDC /* AdventureNavigationLink.swift */,
			);
			path = World;
			sourceTree = "<group>";
		};
		2EFCB95027C289F00044B2E9 /* Animations */ = {
			isa = PBXGroup;
			children = (
				2EFCB94E27C2836E0044B2E9 /* TurnAnimationView.swift */,
				9637BF6027CE22FE00A3FC87 /* AnimatedTurnView.swift */,
				9637BF5E27CE1F8A00A3FC87 /* GameStartAnimationView.swift */,
				2E642B5727CE5497006A2083 /* ImageAnimationView.swift */,
				2E642B5927CE569F006A2083 /* VersusAnimationView.swift */,
				2E642B6927CE8885006A2083 /* EndingAnimationView.swift */,
				2E29BA5827D908A100BCE32A /* EndingMenuView.swift */,
			);
			path = Animations;
			sourceTree = "<group>";
		};
		2EFCB95127C28A070044B2E9 /* Adventure */ = {
			isa = PBXGroup;
			children = (
				2ED7AA1C27D389BE008FA2C5 /* Mains */,
				2EF9E67927DFC81F001CEDDC /* World */,
				2EF9E67227DFB633001CEDDC /* Laboratory */,
				2ED7AA1D27D389DC008FA2C5 /* PreBattle */,
				2EF5B06227C402BD00A8930C /* Regions */,
				2EF5B06327C402C200A8930C /* Trainer */,
			);
			path = Adventure;
			sourceTree = "<group>";
		};
		2EFCB96327C2AADC0044B2E9 /* Home */ = {
			isa = PBXGroup;
			children = (
				2EFCB96427C2AAEB0044B2E9 /* HomeItem.swift */,
			);
			path = Home;
			sourceTree = "<group>";
		};
		2EFCB96827C2B38E0044B2E9 /* User */ = {
			isa = PBXGroup;
			children = (
				2E4E1A1527BEE3B2001C8B67 /* UserHandView.swift */,
			);
			path = User;
			sourceTree = "<group>";
		};
		2EFCB96927C2B3970044B2E9 /* Trainer */ = {
			isa = PBXGroup;
			children = (
				2EA07DB327C0ED2E00AB974B /* OpponentHandView.swift */,
				2EFCB95227C29B840044B2E9 /* OpponentCardListView.swift */,
			);
			path = Trainer;
			sourceTree = "<group>";
		};
		2EFCB96A27C2B3AA0044B2E9 /* General */ = {
			isa = PBXGroup;
			children = (
				2E642B5F27CE8355006A2083 /* Surrender */,
				2E642B6627CE8585006A2083 /* Main */,
			);
			path = General;
			sourceTree = "<group>";
		};
		2EFCB96B27C2B3E10044B2E9 /* General */ = {
			isa = PBXGroup;
			children = (
				2EFCB95F27C2A7C70044B2E9 /* HomeNavigationLink.swift */,
				2EA07DAD27C0D8C300AB974B /* HomeView.swift */,
				2EFCB96127C2A7F80044B2E9 /* HomeItemView.swift */,
				2E3A3BA427CD404E0018DA36 /* HomeBackgroundView.swift */,
			);
			path = General;
			sourceTree = "<group>";
		};
		96493DD727D0D1A90032FDE8 /* Creation */ = {
			isa = PBXGroup;
			children = (
				2ED34E1627CB94AD00F24251 /* UserSetCardView.swift */,
				2ED34E1227CB81DA00F24251 /* UserSetCardListView.swift */,
				2E9676F027CFFE0100DC50C6 /* UserDeckCreationView.swift */,
				96493DD827D0D4510032FDE8 /* UserDeckPlaceholderView.swift */,
			);
			path = Creation;
			sourceTree = "<group>";
		};
/* End PBXGroup section */

/* Begin PBXNativeTarget section */
		2EEEA1FD27BD8124009A1D49 /* NineBox */ = {
			isa = PBXNativeTarget;
			buildConfigurationList = 2EEEA20C27BD8126009A1D49 /* Build configuration list for PBXNativeTarget "NineBox" */;
			buildPhases = (
				2EEEA1FA27BD8124009A1D49 /* Sources */,
				2EEEA1FB27BD8124009A1D49 /* Frameworks */,
				2EEEA1FC27BD8124009A1D49 /* Resources */,
			);
			buildRules = (
			);
			dependencies = (
			);
			name = NineBox;
			productName = NineBox;
			productReference = 2EEEA1FE27BD8124009A1D49 /* PokemonTiles.app */;
			productType = "com.apple.product-type.application";
		};
/* End PBXNativeTarget section */

/* Begin PBXProject section */
		2EEEA1F627BD8124009A1D49 /* Project object */ = {
			isa = PBXProject;
			attributes = {
				BuildIndependentTargetsInParallel = 1;
				LastSwiftUpdateCheck = 1320;
				LastUpgradeCheck = 1320;
				TargetAttributes = {
					2EEEA1FD27BD8124009A1D49 = {
						CreatedOnToolsVersion = 13.2.1;
					};
				};
			};
			buildConfigurationList = 2EEEA1F927BD8124009A1D49 /* Build configuration list for PBXProject "NineBox" */;
			compatibilityVersion = "Xcode 13.0";
			developmentRegion = en;
			hasScannedForEncodings = 0;
			knownRegions = (
				en,
				Base,
			);
			mainGroup = 2EEEA1F527BD8124009A1D49;
			productRefGroup = 2EEEA1FF27BD8124009A1D49 /* Products */;
			projectDirPath = "";
			projectRoot = "";
			targets = (
				2EEEA1FD27BD8124009A1D49 /* NineBox */,
			);
		};
/* End PBXProject section */

/* Begin PBXResourcesBuildPhase section */
		2EEEA1FC27BD8124009A1D49 /* Resources */ = {
			isa = PBXResourcesBuildPhase;
			buildActionMask = 2147483647;
			files = (
				2EDA087527E0F066007D2D09 /* profElm.json in Resources */,
				2EA07DC627C23B7400AB974B /* pokemons.json in Resources */,
				2EEEA20927BD8126009A1D49 /* Preview Assets.xcassets in Resources */,
				2EDA085127E0AAF9007D2D09 /* worldTrainers.json in Resources */,
				2EEEA20627BD8126009A1D49 /* Assets.xcassets in Resources */,
				2EDA085627E0AB6C007D2D09 /* tutorialTrainers.json in Resources */,
				2EDA087327E0F059007D2D09 /* profOak.json in Resources */,
				2E9676EF27CFC40100DC50C6 /* decks.json in Resources */,
				2EDA087127E0E5EF007D2D09 /* beginning.json in Resources */,
				2EFCB94727C24E5C0044B2E9 /* debuffs.json in Resources */,
				2EDA087727E0F075007D2D09 /* profBirch.json in Resources */,
				2EFCB94927C250A60044B2E9 /* worldRegions.json in Resources */,
				2EDA088127E245A2007D2D09 /* ending.json in Resources */,
				2E7BF0F227DD0D76007D7717 /* missions.json in Resources */,
			);
			runOnlyForDeploymentPostprocessing = 0;
		};
/* End PBXResourcesBuildPhase section */

/* Begin PBXSourcesBuildPhase section */
		2EEEA1FA27BD8124009A1D49 /* Sources */ = {
			isa = PBXSourcesBuildPhase;
			buildActionMask = 2147483647;
			files = (
				2E7BF0ED27DCEBB0007D7717 /* Missions.swift in Sources */,
				2EFCB94B27C27D180044B2E9 /* RegionsListView.swift in Sources */,
				2EF9E68527DFCE1C001CEDDC /* LabListView.swift in Sources */,
				2EDA086B27E0E4B1007D2D09 /* GenreChoiceView.swift in Sources */,
				2E4A95EF27C7B77100BA498D /* NavigationTitleView.swift in Sources */,
				2ED7AA1B27D3895D008FA2C5 /* UserCardInformationView.swift in Sources */,
				2EA07DCC27C2404C00AB974B /* ContentView.swift in Sources */,
				2EDA086727E0CB98007D2D09 /* AdventureModel.swift in Sources */,
				2ED34E1327CB81DA00F24251 /* UserSetCardListView.swift in Sources */,
				2E42558127BFEC2B009B62EB /* CardGestureView.swift in Sources */,
				2EFCB94F27C2836E0044B2E9 /* TurnAnimationView.swift in Sources */,
				2EA07DB627C0F18B00AB974B /* CGSizeExtension.swift in Sources */,
				2E98C09B27D110E900286879 /* StarterDecksModalView.swift in Sources */,
				96493DD927D0D4510032FDE8 /* UserDeckPlaceholderView.swift in Sources */,
				2EDA086927E0E487007D2D09 /* ImagesGenreChoiceView.swift in Sources */,
				2E4E1A0C27BEDE06001C8B67 /* CardBackgroundView.swift in Sources */,
				2EF9E68327DFC940001CEDDC /* TrainingView.swift in Sources */,
				2E4A95F627C7BFDF00BA498D /* JourneyView.swift in Sources */,
				2ED34E0727CB654A00F24251 /* User.swift in Sources */,
				2EFCB96D27C2C4CD0044B2E9 /* RegionBackgroundView.swift in Sources */,
				2E642B5A27CE569F006A2083 /* VersusAnimationView.swift in Sources */,
				2ED34E1927CBA3DE00F24251 /* UserDeckSlotView.swift in Sources */,
				2EFCB96F27C2C5D10044B2E9 /* TrainerRowView.swift in Sources */,
				2EDA087F27E1DD69007D2D09 /* BottomScreenButtonsView.swift in Sources */,
				2E7BF0EB27DCEA94007D7717 /* MissionRowView.swift in Sources */,
				2EA07DCA27C23ECC00AB974B /* BundleExtension.swift in Sources */,
				2ED34E2027CBD73D00F24251 /* ChangeNameOverlayView.swift in Sources */,
				2E8E794227D288DD00A185C9 /* UserDeckFilterView.swift in Sources */,
				2EF5B05F27C3DADB00A8930C /* Trainer.swift in Sources */,
				2ED34E1727CB94AD00F24251 /* UserSetCardView.swift in Sources */,
				2EF5B05727C3CF6500A8930C /* TrainerImageView.swift in Sources */,
				2EEEA20427BD8124009A1D49 /* GameView.swift in Sources */,
				2EA6827127DE2C5100F76306 /* TutorialView.swift in Sources */,
				2EB39B5427D14F7E00C02AB0 /* CardSummonAnimationView.swift in Sources */,
				2EEEA20227BD8124009A1D49 /* NineBoxApp.swift in Sources */,
				960E0AB027DF4AFE00C8D491 /* TutorialPageView.swift in Sources */,
				2E98C0AA27D12E0F00286879 /* StarterBoosterListView.swift in Sources */,
				2E4E1A0E27BEDE35001C8B67 /* GameViewModel.swift in Sources */,
				2ED34E1D27CBC27200F24251 /* ViewExtension.swift in Sources */,
				2EB1662827C6633700BCF2D5 /* UserCardsView.swift in Sources */,
				2EF9E67B27DFC851001CEDDC /* AdventureNavigationLink.swift in Sources */,
				2EF9E67427DFB747001CEDDC /* LabView.swift in Sources */,
				2E7BF0F027DD0AF8007D7717 /* MissionViewModel.swift in Sources */,
				2E99A7B127C7D1060073DE8A /* TrainerView.swift in Sources */,
				96C8F15627DA0CC300FA1FF0 /* Powers.swift in Sources */,
				2E4E1A0227BEDD10001C8B67 /* CardType.swift in Sources */,
				2EFCB97327C2D5BB0044B2E9 /* TrainerListView.swift in Sources */,
				2EF5B05D27C3DA5D00A8930C /* GameDifficulty.swift in Sources */,
				2E9676F127CFFE0100DC50C6 /* UserDeckCreationView.swift in Sources */,
				2EFCB94D27C282110044B2E9 /* Turn.swift in Sources */,
				2EF9E67D27DFC8E2001CEDDC /* PuzzleView.swift in Sources */,
				2E4E1A0A27BEDDC8001C8B67 /* RegionRowView.swift in Sources */,
				2E8E794427D2BBB800A185C9 /* UserDeckDetailView.swift in Sources */,
				2E4E1A0827BEDD94001C8B67 /* WorldRegion.swift in Sources */,
				960E0AAE27DF48EE00C8D491 /* Tutorial.swift in Sources */,
				2E98C09827D0F64C00286879 /* UserDeckRowView.swift in Sources */,
				9637BF6127CE22FE00A3FC87 /* AnimatedTurnView.swift in Sources */,
				2E642B6127CE835F006A2083 /* SurrenderModalView.swift in Sources */,
				2EFCB95B27C29E0E0044B2E9 /* GameScoreView.swift in Sources */,
				2ED7AA2627D39322008FA2C5 /* UserDeckFilterButtonView.swift in Sources */,
				2E642B5627CE5460006A2083 /* ToggableClearView.swift in Sources */,
				2E4E1A0027BEDCDD001C8B67 /* ArrayExtension.swift in Sources */,
				2EF9E67F27DFC8FA001CEDDC /* LabNavigationLink.swift in Sources */,
				2E3A3BA327CD328F0018DA36 /* Theme.swift in Sources */,
				2EFCB96227C2A7F80044B2E9 /* HomeItemView.swift in Sources */,
				2EEEA21427BD8605009A1D49 /* Card.swift in Sources */,
				2E642B5E27CE7650006A2083 /* CommonBackgroundView.swift in Sources */,
				2EA07DB427C0ED2E00AB974B /* OpponentHandView.swift in Sources */,
				2E7BF0F427DD2B29007D7717 /* MissionRewardAnimationView.swift in Sources */,
				2E642B6A27CE8885006A2083 /* EndingAnimationView.swift in Sources */,
				2E98C0A427D11E2D00286879 /* PointingArrowView.swift in Sources */,
				2E7BF0F627DD2CBE007D7717 /* MissionRowOverlayView.swift in Sources */,
				2E4A95F227C7B8A600BA498D /* NavigationTitle.swift in Sources */,
				2EA07DBF27C23AE000AB974B /* Stats.swift in Sources */,
				2EEEA21627BD88A5009A1D49 /* ColorExtension.swift in Sources */,
				9637BF5F27CE1F8A00A3FC87 /* GameStartAnimationView.swift in Sources */,
				2EDA087B27E14D05007D2D09 /* LabModel.swift in Sources */,
				2EDA086F27E0E537007D2D09 /* QuitTutorialView.swift in Sources */,
				2E4E1A0427BEDD2C001C8B67 /* CardCategory.swift in Sources */,
				2EF9E67627DFBB75001CEDDC /* AdventureView.swift in Sources */,
				2ED34E1127CB747C00F24251 /* UserDeckView.swift in Sources */,
				2EA07DAE27C0D8C300AB974B /* HomeView.swift in Sources */,
				2EDA084D27E0A828007D2D09 /* AdventureCategory.swift in Sources */,
				2EEEA21027BD8202009A1D49 /* GameGridView.swift in Sources */,
				2ED34E2227CBD78400F24251 /* ChangeNameAlertModalView.swift in Sources */,
				2EA07DC127C23AF500AB974B /* CardSide.swift in Sources */,
				2E3A3BA727CD66A30018DA36 /* GameEndingView.swift in Sources */,
				2EB1662427C65E3000BCF2D5 /* UserCardListView.swift in Sources */,
				2ED34E1B27CBA41A00F24251 /* ChangeDeckNameButtonView.swift in Sources */,
				2E849BC527D653BB001CE665 /* UserViewModel.swift in Sources */,
				2EDA087D27E1DD1F007D2D09 /* MainMenuButtonView.swift in Sources */,
				2E4A95F427C7B98C00BA498D /* BackButtonView.swift in Sources */,
				2ED7AA1727D38877008FA2C5 /* CardSummonAnimation.swift in Sources */,
				2EDA086D27E0E4F3007D2D09 /* NameChoiceView.swift in Sources */,
				2ED7AA1F27D389F3008FA2C5 /* UserPreBattleDeckListView.swift in Sources */,
				2E849BC827D654C6001CE665 /* AdventureViewModel.swift in Sources */,
				2E29BA5927D908A100BCE32A /* EndingMenuView.swift in Sources */,
				2E7BF0E927DCEA42007D7717 /* MissionListView.swift in Sources */,
				2ED34E2627CBF00100F24251 /* PreBattleView.swift in Sources */,
				2EA07DC327C23B2500AB974B /* StatSquareView.swift in Sources */,
				2EFCB95327C29B840044B2E9 /* OpponentCardListView.swift in Sources */,
				2ED7AA2327D38A58008FA2C5 /* ActionButtonView.swift in Sources */,
				2E5B46D627D52E6900A220C9 /* ProgressBarOverlayView.swift in Sources */,
				2ED34E0927CB689500F24251 /* Profile.swift in Sources */,
				2E4E1A1A27BEF797001C8B67 /* StatsView.swift in Sources */,
				2E4E19FE27BEDCA4001C8B67 /* ImageExtension.swift in Sources */,
				960E0AB227DF526B00C8D491 /* HomeViewModel.swift in Sources */,
				2EDA087927E0F291007D2D09 /* PreBattleTutorialView.swift in Sources */,
				2EFCB96027C2A7C70044B2E9 /* HomeNavigationLink.swift in Sources */,
				2E9676ED27CF4CA200DC50C6 /* ModalButtonView.swift in Sources */,
				2ED34E0D27CB6C4E00F24251 /* UserDeckListView.swift in Sources */,
				2E4E1A1627BEE3B2001C8B67 /* UserHandView.swift in Sources */,
				2E4E1A1427BEDE9D001C8B67 /* CardView.swift in Sources */,
				2EFCB96527C2AAEB0044B2E9 /* HomeItem.swift in Sources */,
				2E4E1A1027BEDE4B001C8B67 /* Game.swift in Sources */,
				2E642B5827CE5497006A2083 /* ImageAnimationView.swift in Sources */,
				2EDA085C27E0B745007D2D09 /* TrainingTrainersListView.swift in Sources */,
				2EF9E67827DFBC8B001CEDDC /* AdventureRowView.swift in Sources */,
				2E98C09627D0F5F000286879 /* UserDeckBackgroundView.swift in Sources */,
				2E642B6827CE8623006A2083 /* LongButtonView.swift in Sources */,
				2ED34E0F27CB71CC00F24251 /* Deck.swift in Sources */,
				2EF9E68127DFC916001CEDDC /* LabRowView.swift in Sources */,
				2E7BF0E727DCE7E0007D7717 /* MissionsView.swift in Sources */,
				2E3A3BA527CD404E0018DA36 /* HomeBackgroundView.swift in Sources */,
			);
			runOnlyForDeploymentPostprocessing = 0;
		};
/* End PBXSourcesBuildPhase section */

/* Begin XCBuildConfiguration section */
		2EEEA20A27BD8126009A1D49 /* Debug */ = {
			isa = XCBuildConfiguration;
			buildSettings = {
				ALWAYS_SEARCH_USER_PATHS = NO;
				CLANG_ANALYZER_NONNULL = YES;
				CLANG_ANALYZER_NUMBER_OBJECT_CONVERSION = YES_AGGRESSIVE;
				CLANG_CXX_LANGUAGE_STANDARD = "gnu++17";
				CLANG_CXX_LIBRARY = "libc++";
				CLANG_ENABLE_MODULES = YES;
				CLANG_ENABLE_OBJC_ARC = YES;
				CLANG_ENABLE_OBJC_WEAK = YES;
				CLANG_WARN_BLOCK_CAPTURE_AUTORELEASING = YES;
				CLANG_WARN_BOOL_CONVERSION = YES;
				CLANG_WARN_COMMA = YES;
				CLANG_WARN_CONSTANT_CONVERSION = YES;
				CLANG_WARN_DEPRECATED_OBJC_IMPLEMENTATIONS = YES;
				CLANG_WARN_DIRECT_OBJC_ISA_USAGE = YES_ERROR;
				CLANG_WARN_DOCUMENTATION_COMMENTS = YES;
				CLANG_WARN_EMPTY_BODY = YES;
				CLANG_WARN_ENUM_CONVERSION = YES;
				CLANG_WARN_INFINITE_RECURSION = YES;
				CLANG_WARN_INT_CONVERSION = YES;
				CLANG_WARN_NON_LITERAL_NULL_CONVERSION = YES;
				CLANG_WARN_OBJC_IMPLICIT_RETAIN_SELF = YES;
				CLANG_WARN_OBJC_LITERAL_CONVERSION = YES;
				CLANG_WARN_OBJC_ROOT_CLASS = YES_ERROR;
				CLANG_WARN_QUOTED_INCLUDE_IN_FRAMEWORK_HEADER = YES;
				CLANG_WARN_RANGE_LOOP_ANALYSIS = YES;
				CLANG_WARN_STRICT_PROTOTYPES = YES;
				CLANG_WARN_SUSPICIOUS_MOVE = YES;
				CLANG_WARN_UNGUARDED_AVAILABILITY = YES_AGGRESSIVE;
				CLANG_WARN_UNREACHABLE_CODE = YES;
				CLANG_WARN__DUPLICATE_METHOD_MATCH = YES;
				COPY_PHASE_STRIP = NO;
				DEBUG_INFORMATION_FORMAT = dwarf;
				ENABLE_STRICT_OBJC_MSGSEND = YES;
				ENABLE_TESTABILITY = YES;
				GCC_C_LANGUAGE_STANDARD = gnu11;
				GCC_DYNAMIC_NO_PIC = NO;
				GCC_NO_COMMON_BLOCKS = YES;
				GCC_OPTIMIZATION_LEVEL = 0;
				GCC_PREPROCESSOR_DEFINITIONS = (
					"DEBUG=1",
					"$(inherited)",
				);
				GCC_WARN_64_TO_32_BIT_CONVERSION = YES;
				GCC_WARN_ABOUT_RETURN_TYPE = YES_ERROR;
				GCC_WARN_UNDECLARED_SELECTOR = YES;
				GCC_WARN_UNINITIALIZED_AUTOS = YES_AGGRESSIVE;
				GCC_WARN_UNUSED_FUNCTION = YES;
				GCC_WARN_UNUSED_VARIABLE = YES;
				IPHONEOS_DEPLOYMENT_TARGET = 15.2;
				MTL_ENABLE_DEBUG_INFO = INCLUDE_SOURCE;
				MTL_FAST_MATH = YES;
				ONLY_ACTIVE_ARCH = YES;
				SDKROOT = iphoneos;
				SWIFT_ACTIVE_COMPILATION_CONDITIONS = DEBUG;
				SWIFT_OPTIMIZATION_LEVEL = "-Onone";
			};
			name = Debug;
		};
		2EEEA20B27BD8126009A1D49 /* Release */ = {
			isa = XCBuildConfiguration;
			buildSettings = {
				ALWAYS_SEARCH_USER_PATHS = NO;
				CLANG_ANALYZER_NONNULL = YES;
				CLANG_ANALYZER_NUMBER_OBJECT_CONVERSION = YES_AGGRESSIVE;
				CLANG_CXX_LANGUAGE_STANDARD = "gnu++17";
				CLANG_CXX_LIBRARY = "libc++";
				CLANG_ENABLE_MODULES = YES;
				CLANG_ENABLE_OBJC_ARC = YES;
				CLANG_ENABLE_OBJC_WEAK = YES;
				CLANG_WARN_BLOCK_CAPTURE_AUTORELEASING = YES;
				CLANG_WARN_BOOL_CONVERSION = YES;
				CLANG_WARN_COMMA = YES;
				CLANG_WARN_CONSTANT_CONVERSION = YES;
				CLANG_WARN_DEPRECATED_OBJC_IMPLEMENTATIONS = YES;
				CLANG_WARN_DIRECT_OBJC_ISA_USAGE = YES_ERROR;
				CLANG_WARN_DOCUMENTATION_COMMENTS = YES;
				CLANG_WARN_EMPTY_BODY = YES;
				CLANG_WARN_ENUM_CONVERSION = YES;
				CLANG_WARN_INFINITE_RECURSION = YES;
				CLANG_WARN_INT_CONVERSION = YES;
				CLANG_WARN_NON_LITERAL_NULL_CONVERSION = YES;
				CLANG_WARN_OBJC_IMPLICIT_RETAIN_SELF = YES;
				CLANG_WARN_OBJC_LITERAL_CONVERSION = YES;
				CLANG_WARN_OBJC_ROOT_CLASS = YES_ERROR;
				CLANG_WARN_QUOTED_INCLUDE_IN_FRAMEWORK_HEADER = YES;
				CLANG_WARN_RANGE_LOOP_ANALYSIS = YES;
				CLANG_WARN_STRICT_PROTOTYPES = YES;
				CLANG_WARN_SUSPICIOUS_MOVE = YES;
				CLANG_WARN_UNGUARDED_AVAILABILITY = YES_AGGRESSIVE;
				CLANG_WARN_UNREACHABLE_CODE = YES;
				CLANG_WARN__DUPLICATE_METHOD_MATCH = YES;
				COPY_PHASE_STRIP = NO;
				DEBUG_INFORMATION_FORMAT = "dwarf-with-dsym";
				ENABLE_NS_ASSERTIONS = NO;
				ENABLE_STRICT_OBJC_MSGSEND = YES;
				GCC_C_LANGUAGE_STANDARD = gnu11;
				GCC_NO_COMMON_BLOCKS = YES;
				GCC_WARN_64_TO_32_BIT_CONVERSION = YES;
				GCC_WARN_ABOUT_RETURN_TYPE = YES_ERROR;
				GCC_WARN_UNDECLARED_SELECTOR = YES;
				GCC_WARN_UNINITIALIZED_AUTOS = YES_AGGRESSIVE;
				GCC_WARN_UNUSED_FUNCTION = YES;
				GCC_WARN_UNUSED_VARIABLE = YES;
				IPHONEOS_DEPLOYMENT_TARGET = 15.2;
				MTL_ENABLE_DEBUG_INFO = NO;
				MTL_FAST_MATH = YES;
				SDKROOT = iphoneos;
				SWIFT_COMPILATION_MODE = wholemodule;
				SWIFT_OPTIMIZATION_LEVEL = "-O";
				VALIDATE_PRODUCT = YES;
			};
			name = Release;
		};
		2EEEA20D27BD8126009A1D49 /* Debug */ = {
			isa = XCBuildConfiguration;
			buildSettings = {
				ASSETCATALOG_COMPILER_APPICON_NAME = AppIcon;
				ASSETCATALOG_COMPILER_GLOBAL_ACCENT_COLOR_NAME = AccentColor;
				CODE_SIGN_STYLE = Automatic;
				CURRENT_PROJECT_VERSION = 1;
				DEVELOPMENT_ASSET_PATHS = "\"NineBox/Preview Content\"";
				DEVELOPMENT_TEAM = Q6DV6C6352;
				ENABLE_PREVIEWS = YES;
				GENERATE_INFOPLIST_FILE = YES;
				INFOPLIST_KEY_UIApplicationSceneManifest_Generation = YES;
				INFOPLIST_KEY_UIApplicationSupportsIndirectInputEvents = YES;
				INFOPLIST_KEY_UILaunchScreen_Generation = YES;
				INFOPLIST_KEY_UISupportedInterfaceOrientations = UIInterfaceOrientationPortrait;
				INFOPLIST_KEY_UISupportedInterfaceOrientations_iPad = "UIInterfaceOrientationPortrait UIInterfaceOrientationPortraitUpsideDown UIInterfaceOrientationLandscapeLeft UIInterfaceOrientationLandscapeRight";
				INFOPLIST_KEY_UISupportedInterfaceOrientations_iPhone = UIInterfaceOrientationPortrait;
				LD_RUNPATH_SEARCH_PATHS = (
					"$(inherited)",
					"@executable_path/Frameworks",
				);
				MARKETING_VERSION = 1.0;
				PRODUCT_BUNDLE_IDENTIFIER = yann.NineBox;
				PRODUCT_NAME = PokemonTiles;
				SWIFT_EMIT_LOC_STRINGS = YES;
				SWIFT_VERSION = 5.0;
				TARGETED_DEVICE_FAMILY = "1,2";
			};
			name = Debug;
		};
		2EEEA20E27BD8126009A1D49 /* Release */ = {
			isa = XCBuildConfiguration;
			buildSettings = {
				ASSETCATALOG_COMPILER_APPICON_NAME = AppIcon;
				ASSETCATALOG_COMPILER_GLOBAL_ACCENT_COLOR_NAME = AccentColor;
				CODE_SIGN_STYLE = Automatic;
				CURRENT_PROJECT_VERSION = 1;
				DEVELOPMENT_ASSET_PATHS = "\"NineBox/Preview Content\"";
				DEVELOPMENT_TEAM = Q6DV6C6352;
				ENABLE_PREVIEWS = YES;
				GENERATE_INFOPLIST_FILE = YES;
				INFOPLIST_KEY_UIApplicationSceneManifest_Generation = YES;
				INFOPLIST_KEY_UIApplicationSupportsIndirectInputEvents = YES;
				INFOPLIST_KEY_UILaunchScreen_Generation = YES;
				INFOPLIST_KEY_UISupportedInterfaceOrientations = UIInterfaceOrientationPortrait;
				INFOPLIST_KEY_UISupportedInterfaceOrientations_iPad = "UIInterfaceOrientationPortrait UIInterfaceOrientationPortraitUpsideDown UIInterfaceOrientationLandscapeLeft UIInterfaceOrientationLandscapeRight";
				INFOPLIST_KEY_UISupportedInterfaceOrientations_iPhone = UIInterfaceOrientationPortrait;
				LD_RUNPATH_SEARCH_PATHS = (
					"$(inherited)",
					"@executable_path/Frameworks",
				);
				MARKETING_VERSION = 1.0;
				PRODUCT_BUNDLE_IDENTIFIER = yann.NineBox;
				PRODUCT_NAME = PokemonTiles;
				SWIFT_EMIT_LOC_STRINGS = YES;
				SWIFT_VERSION = 5.0;
				TARGETED_DEVICE_FAMILY = "1,2";
			};
			name = Release;
		};
/* End XCBuildConfiguration section */

/* Begin XCConfigurationList section */
		2EEEA1F927BD8124009A1D49 /* Build configuration list for PBXProject "NineBox" */ = {
			isa = XCConfigurationList;
			buildConfigurations = (
				2EEEA20A27BD8126009A1D49 /* Debug */,
				2EEEA20B27BD8126009A1D49 /* Release */,
			);
			defaultConfigurationIsVisible = 0;
			defaultConfigurationName = Release;
		};
		2EEEA20C27BD8126009A1D49 /* Build configuration list for PBXNativeTarget "NineBox" */ = {
			isa = XCConfigurationList;
			buildConfigurations = (
				2EEEA20D27BD8126009A1D49 /* Debug */,
				2EEEA20E27BD8126009A1D49 /* Release */,
			);
			defaultConfigurationIsVisible = 0;
			defaultConfigurationName = Release;
		};
/* End XCConfigurationList section */
	};
	rootObject = 2EEEA1F627BD8124009A1D49 /* Project object */;
}
